
Microsoft Visual Studio Solution File, Format Version 12.00
# Visual Studio Version 17
VisualStudioVersion = 17.2.32616.157
MinimumVisualStudioVersion = 10.0.40219.1
Project("{2150E333-8FDC-42A3-9474-1A3956D46DE8}") = "Log", "Log", "{10C87647-B66A-4505-8B11-263E9866571F}"
EndProject
Project("{2150E333-8FDC-42A3-9474-1A3956D46DE8}") = "Report", "Report", "{904B4DD2-DCED-40C2-8156-0FF78C718E6D}"
EndProject
Project("{2150E333-8FDC-42A3-9474-1A3956D46DE8}") = "ScadaData", "ScadaData", "{3A5823EF-3AA4-4064-A519-66F8732D1417}"
EndProject
Project("{2150E333-8FDC-42A3-9474-1A3956D46DE8}") = "ScadaAgent", "ScadaAgent", "{0DB9F7C3-6900-4154-AFD7-A68F2E3233D0}"
EndProject
Project("{2150E333-8FDC-42A3-9474-1A3956D46DE8}") = "ScadaComm", "ScadaComm", "{BEA7BEB6-657E-40FF-A5FD-341AB1CBEE32}"
EndProject
Project("{2150E333-8FDC-42A3-9474-1A3956D46DE8}") = "ScadaComm", "ScadaComm", "{C411CECB-0002-4BD3-9035-248FBC4E1D56}"
EndProject
Project("{2150E333-8FDC-42A3-9474-1A3956D46DE8}") = "OpenKps", "OpenKps", "{EDCEC46C-6CBD-41C4-B6C3-0BDA2C7F1087}"
EndProject
Project("{FAE04EC0-301F-11D3-BF4B-00C04F79EFBC}") = "AddressBook", "OpenKPs\AddressBook\AddressBook.csproj", "{CB3BC544-51CB-4A40-8CF0-4B769C01F996}"
EndProject
Project("{FAE04EC0-301F-11D3-BF4B-00C04F79EFBC}") = "KpDbImport", "OpenKPs\KpDbImport\KpDbImport.csproj", "{E536C888-ED86-4248-BA38-48E882241559}"
EndProject
Project("{FAE04EC0-301F-11D3-BF4B-00C04F79EFBC}") = "KpEmail", "OpenKPs\KpEmail\KpEmail.csproj", "{1529A2A2-53FC-446B-AE13-FF564C4DEC32}"
EndProject
Project("{FAE04EC0-301F-11D3-BF4B-00C04F79EFBC}") = "KpEnronModbus", "OpenKPs\KpEnronModbus\KpEnronModbus.csproj", "{6ECB8A64-B0EC-48E8-9109-9984D37854B9}"
EndProject
Project("{FAE04EC0-301F-11D3-BF4B-00C04F79EFBC}") = "KpHttpNotif", "OpenKPs\KpHttpNotif\KpHttpNotif.csproj", "{866BA66F-804A-4C6B-B0D2-8D8064AE1EEC}"
EndProject
Project("{FAE04EC0-301F-11D3-BF4B-00C04F79EFBC}") = "KpModbus", "OpenKPs\KpModbus\KpModbus.csproj", "{7CBF4A4B-E1A2-428E-8F68-EDD2FCE3088B}"
EndProject
Project("{FAE04EC0-301F-11D3-BF4B-00C04F79EFBC}") = "KpOpcUa", "OpenKPs\KpOpcUa\KpOpcUa.csproj", "{205C7DAB-C3ED-4D4F-8F2F-CFE65D6C4044}"
EndProject
Project("{FAE04EC0-301F-11D3-BF4B-00C04F79EFBC}") = "KpRTtask", "OpenKPs\KpRTtask\KpRTtask.csproj", "{3D20F245-4AFA-49D2-AC60-DA40190A129B}"
EndProject
Project("{FAE04EC0-301F-11D3-BF4B-00C04F79EFBC}") = "KpSimulator", "OpenKPs\KpSimulator\KpSimulator.csproj", "{81C5771D-5C51-4339-A336-36D5D28F03D9}"
EndProject
Project("{FAE04EC0-301F-11D3-BF4B-00C04F79EFBC}") = "KpSms", "OpenKPs\KpSms\KpSms.csproj", "{54BEF6C5-B63D-41E3-A123-03F1802A44F7}"
EndProject
Project("{FAE04EC0-301F-11D3-BF4B-00C04F79EFBC}") = "KpSnmp", "OpenKPs\KpSnmp\KpSnmp.csproj", "{650B47BB-B3C7-4DD6-87F4-2BB65E084508}"
EndProject
Project("{FAE04EC0-301F-11D3-BF4B-00C04F79EFBC}") = "KpTest", "OpenKPs\KpTest\KpTest.csproj", "{D0AD784B-587D-4CD1-AF7F-7473A4FF7060}"
EndProject
Project("{2150E333-8FDC-42A3-9474-1A3956D46DE8}") = "ScadaServer", "ScadaServer", "{343AD6E6-AA52-44F0-A148-CDCF49BDF058}"
EndProject
Project("{2150E333-8FDC-42A3-9474-1A3956D46DE8}") = "ScadaServer", "ScadaServer", "{F0B0599F-6DBE-4482-A2BE-193F0AD16C98}"
EndProject
Project("{FAE04EC0-301F-11D3-BF4B-00C04F79EFBC}") = "ModActiveDirectory", "ScadaServer\OpenModules\ModActiveDirectory\ModActiveDirectory.csproj", "{2D224EFD-95FC-4039-AE99-72D383464FF5}"
EndProject
Project("{2150E333-8FDC-42A3-9474-1A3956D46DE8}") = "OpenModules", "OpenModules", "{C146DD4A-4777-44F4-AF9E-F8D8D14788FF}"
EndProject
Project("{FAE04EC0-301F-11D3-BF4B-00C04F79EFBC}") = "ModDbExport", "ScadaServer\OpenModules\ModDbExport\ModDbExport.csproj", "{1943BB06-1D1E-45A6-ADF0-B6437512138B}"
EndProject
Project("{FAE04EC0-301F-11D3-BF4B-00C04F79EFBC}") = "ModTDEngineExport", "ScadaServer\OpenModules\ModTDEngineExport\ModTDEngineExport.csproj", "{7AB046BB-7D19-4E13-AC41-DD909490633F}"
EndProject
Project("{FAE04EC0-301F-11D3-BF4B-00C04F79EFBC}") = "ModTest", "ScadaServer\OpenModules\ModTest\ModTest.csproj", "{1D0EF7CF-B70B-4544-A11B-EAE4F6DCFF7F}"
EndProject
Project("{FAE04EC0-301F-11D3-BF4B-00C04F79EFBC}") = "Log", "Log\Log\Log.csproj", "{A05EA084-E509-4025-9241-6A5BE5C2B328}"
EndProject
Project("{9A19103F-16F7-4668-BE54-9A1E7A4F7556}") = "Log.Std", "Log\Log.Std\Log.Std.csproj", "{560FA813-E13D-4249-939B-353BD2F3ED59}"
EndProject
Project("{FAE04EC0-301F-11D3-BF4B-00C04F79EFBC}") = "RepBuilder", "Report\RepBuilder\RepBuilder.csproj", "{59393DBD-5EDD-46D0-8157-0C6151621D5E}"
EndProject
Project("{FAE04EC0-301F-11D3-BF4B-00C04F79EFBC}") = "RepExec", "Report\RepExec\RepExec.csproj", "{A37E3F4C-2E35-4183-87B1-0D4F6E5692F9}"
EndProject
Project("{FAE04EC0-301F-11D3-BF4B-00C04F79EFBC}") = "ScadaData", "ScadaData\ScadaData\ScadaData.csproj", "{C5DC293F-13CA-435F-A7DB-4BA91639C292}"
EndProject
Project("{FAE04EC0-301F-11D3-BF4B-00C04F79EFBC}") = "ScadaData.Dao", "ScadaData\ScadaData.Dao\ScadaData.Dao.csproj", "{1DDE26A2-1E24-4680-A635-2760B37CAFDB}"
EndProject
Project("{FAE04EC0-301F-11D3-BF4B-00C04F79EFBC}") = "ScadaData.Db", "ScadaData\ScadaData.Db\ScadaData.Db.csproj", "{23F5209D-6937-4D18-BF42-225FFC3EDD91}"
EndProject
Project("{9A19103F-16F7-4668-BE54-9A1E7A4F7556}") = "ScadaData.Std", "ScadaData\ScadaData.Std\ScadaData.Std.csproj", "{A17BB69E-0404-44EC-8B1F-C2E209FC010D}"
EndProject
Project("{FAE04EC0-301F-11D3-BF4B-00C04F79EFBC}") = "ScadaData.Svc", "ScadaData\ScadaData.Svc\ScadaData.Svc.csproj", "{827CCEDC-F418-4261-9448-EA28F9033A4D}"
EndProject
Project("{FAE04EC0-301F-11D3-BF4B-00C04F79EFBC}") = "ScadaDataTest", "ScadaData\ScadaDataTest\ScadaDataTest.csproj", "{31415B61-53C3-4746-B586-CFD7FC16CED2}"
EndProject
Project("{FAE04EC0-301F-11D3-BF4B-00C04F79EFBC}") = "ScadaServerCommon", "ScadaServer\ScadaServer\ScadaServerCommon\ScadaServerCommon.csproj", "{3CA67403-5B85-489A-B7B4-81D682B23146}"
EndProject
Project("{FAE04EC0-301F-11D3-BF4B-00C04F79EFBC}") = "ScadaServerCtrl", "ScadaServer\ScadaServer\ScadaServerCtrl\ScadaServerCtrl.csproj", "{494CFDD5-92FB-4A83-B4F7-C5B04D681726}"
EndProject
Project("{FAE04EC0-301F-11D3-BF4B-00C04F79EFBC}") = "ScadaServerEngine", "ScadaServer\ScadaServer\ScadaServerEngine\ScadaServerEngine.csproj", "{DCC9E55D-92D6-4464-B5B9-0593DE57C64F}"
EndProject
Project("{FAE04EC0-301F-11D3-BF4B-00C04F79EFBC}") = "ScadaServerMono", "ScadaServer\ScadaServer\ScadaServerMono\ScadaServerMono.csproj", "{2E5ADC08-CAB8-4CF3-B2B3-D856EFEBBEC1}"
EndProject
Project("{FAE04EC0-301F-11D3-BF4B-00C04F79EFBC}") = "ScadaServerShell", "ScadaServer\ScadaServer\ScadaServerShell\ScadaServerShell.csproj", "{0978C09D-9F0C-4242-8646-FA8EB90FEFB9}"
EndProject
Project("{FAE04EC0-301F-11D3-BF4B-00C04F79EFBC}") = "ScadaServerSvc", "ScadaServer\ScadaServer\ScadaServerSvc\ScadaServerSvc.csproj", "{D876BF85-C99B-4C16-A053-8877C84E7E02}"
EndProject
Project("{9A19103F-16F7-4668-BE54-9A1E7A4F7556}") = "ScadaAgentCommon", "ScadaAgent\ScadaAgentCommon\ScadaAgentCommon.csproj", "{B2F7CDB0-E692-40F3-AE8B-8BC366EC52CB}"
EndProject
Project("{FAE04EC0-301F-11D3-BF4B-00C04F79EFBC}") = "ScadaAgentCommon.UI", "ScadaAgent\ScadaAgentCommon.UI\ScadaAgentCommon.UI.csproj", "{BB116EF0-EAAF-4EBF-A3A1-0870B7C4CA2B}"
EndProject
Project("{FAE04EC0-301F-11D3-BF4B-00C04F79EFBC}") = "ScadaAgentConnector", "ScadaAgent\ScadaAgentConnector\ScadaAgentConnector.csproj", "{1E1B3570-9512-4515-81DD-3778EA772B19}"
EndProject
Project("{9A19103F-16F7-4668-BE54-9A1E7A4F7556}") = "ScadaAgentEngine", "ScadaAgent\ScadaAgentEngine\ScadaAgentEngine.csproj", "{3530ABA7-0F08-4043-9FAF-2D808E81272C}"
EndProject
Project("{FAE04EC0-301F-11D3-BF4B-00C04F79EFBC}") = "ScadaAgentMono", "ScadaAgent\ScadaAgentMono\ScadaAgentMono.csproj", "{45E8CD64-3FB3-4B29-BFD4-2823D8F2AA02}"
EndProject
Project("{FAE04EC0-301F-11D3-BF4B-00C04F79EFBC}") = "ScadaAgentNet", "ScadaAgent\ScadaAgentNet\ScadaAgentNet.csproj", "{C377283B-858B-4EFC-A560-E90FF2F26B03}"
EndProject
Project("{FAE04EC0-301F-11D3-BF4B-00C04F79EFBC}") = "ScadaAgentSvc", "ScadaAgent\ScadaAgentSvc\ScadaAgentSvc.csproj", "{593318B1-3CB4-441B-B273-E3F37DF070B5}"
EndProject
Project("{FAE04EC0-301F-11D3-BF4B-00C04F79EFBC}") = "ScadaAgentTest", "ScadaAgent\ScadaAgentTest\ScadaAgentTest.csproj", "{C5B4F9FA-E4AE-418E-9CE8-8CB92C9CBFB8}"
EndProject
Project("{2150E333-8FDC-42A3-9474-1A3956D46DE8}") = "ScadaWeb", "ScadaWeb", "{A262F647-6656-48DF-A287-0743C4FC2B77}"
EndProject
Project("{2150E333-8FDC-42A3-9474-1A3956D46DE8}") = "OpenPlugins", "OpenPlugins", "{815B47B9-5F12-4D22-ADBA-12B6BC51E940}"
EndProject
Project("{2150E333-8FDC-42A3-9474-1A3956D46DE8}") = "ScadaScheme", "ScadaScheme", "{8E00DDF8-11EC-4DB7-BFF6-E10197392E35}"
EndProject
Project("{2150E333-8FDC-42A3-9474-1A3956D46DE8}") = "ScadaTable", "ScadaTable", "{C390BDCF-781C-4669-8D2B-2280455D56BE}"
EndProject
Project("{2150E333-8FDC-42A3-9474-1A3956D46DE8}") = "ScadaTableEditor", "ScadaTableEditor", "{51331201-BC19-4FC5-810D-0A35FBC71B42}"
EndProject
Project("{2150E333-8FDC-42A3-9474-1A3956D46DE8}") = "ScadaWeb", "ScadaWeb", "{321FA3F1-E825-4A20-9D9C-9004B5DD6217}"
EndProject
Project("{FAE04EC0-301F-11D3-BF4B-00C04F79EFBC}") = "ScadaWebCommon", "ScadaWeb\ScadaWeb\ScadaWebCommon\ScadaWebCommon.csproj", "{BAF45C4F-1BE3-4810-9EA6-3B53894E32BF}"
EndProject
Project("{FAE04EC0-301F-11D3-BF4B-00C04F79EFBC}") = "ScadaWebShell", "ScadaWeb\ScadaWeb\ScadaWebShell\ScadaWebShell.csproj", "{868DE826-356E-47A4-9DE7-EA7168FCA90A}"
EndProject
Project("{FAE04EC0-301F-11D3-BF4B-00C04F79EFBC}") = "ScadaTableEditor", "ScadaWeb\ScadaTableEditor\ScadaTableEditor.csproj", "{41C04942-ADF1-42DF-82EF-AD7810721183}"
EndProject
Project("{FAE04EC0-301F-11D3-BF4B-00C04F79EFBC}") = "PlgTable", "ScadaWeb\ScadaTable\PlgTable\PlgTable.csproj", "{7AE30E67-D10E-44B9-AC7A-81E21C8839E8}"
EndProject
Project("{FAE04EC0-301F-11D3-BF4B-00C04F79EFBC}") = "PlgTableCommon", "ScadaWeb\ScadaTable\PlgTableCommon\PlgTableCommon.csproj", "{F0DD8F7E-F741-47B3-925C-10B05F0112A7}"
EndProject
Project("{FAE04EC0-301F-11D3-BF4B-00C04F79EFBC}") = "ScadaTableEditor", "ScadaWeb\ScadaTable\ScadaTableEditor\ScadaTableEditor.csproj", "{94470605-3222-4C31-949F-E59C9A6E7DFB}"
EndProject
Project("{FAE04EC0-301F-11D3-BF4B-00C04F79EFBC}") = "PlgChart", "ScadaWeb\OpenPlugins\PlgChart\PlgChart.csproj", "{72AFAED2-953D-4939-A828-8EC8A63AB19F}"
EndProject
Project("{FAE04EC0-301F-11D3-BF4B-00C04F79EFBC}") = "PlgChartCommon", "ScadaWeb\OpenPlugins\PlgChartCommon\PlgChartCommon.csproj", "{827AC062-9C5E-429F-ABBF-368E84CEC9B7}"
EndProject
Project("{FAE04EC0-301F-11D3-BF4B-00C04F79EFBC}") = "PlgConfig", "ScadaWeb\OpenPlugins\PlgConfig\PlgConfig.csproj", "{BA16503A-0E79-42C1-94C7-F690A0DA145E}"
EndProject
Project("{FAE04EC0-301F-11D3-BF4B-00C04F79EFBC}") = "PlgMonitor", "ScadaWeb\OpenPlugins\PlgMonitor\PlgMonitor.csproj", "{3A48FD69-7F01-4562-B9D7-E4984DA03BA9}"
EndProject
Project("{FAE04EC0-301F-11D3-BF4B-00C04F79EFBC}") = "PlgWebPage", "ScadaWeb\OpenPlugins\PlgWebPage\PlgWebPage.csproj", "{CC838844-D847-4230-B0B8-1747F4CA080B}"
EndProject
Project("{2150E333-8FDC-42A3-9474-1A3956D46DE8}") = "ScadaAdmin", "ScadaAdmin", "{D2D47C37-85E7-4551-9826-D50CEBAAB5D4}"
EndProject
Project("{2150E333-8FDC-42A3-9474-1A3956D46DE8}") = "ScadaAdmin5", "ScadaAdmin5", "{29847ACB-1B6E-4867-80F8-80373B3D3E30}"
EndProject
Project("{FAE04EC0-301F-11D3-BF4B-00C04F79EFBC}") = "ScadaAdmin", "ScadaAdmin\ScadaAdmin5\ScadaAdmin\ScadaAdmin.csproj", "{00056F30-E0DA-4505-A441-A153EB59C234}"
EndProject
Project("{FAE04EC0-301F-11D3-BF4B-00C04F79EFBC}") = "ScadaAdminCommon", "ScadaAdmin\ScadaAdmin5\ScadaAdminCommon\ScadaAdminCommon.csproj", "{A44976DE-7907-45F3-BBA3-137C2F5E120F}"
EndProject
Project("{FAE04EC0-301F-11D3-BF4B-00C04F79EFBC}") = "PlgSchBasicComp", "ScadaWeb\ScadaScheme\PlgSchBasicComp\PlgSchBasicComp.csproj", "{85BD72F3-A9FC-4F6F-BE3A-5A045CF734AE}"
EndProject
Project("{FAE04EC0-301F-11D3-BF4B-00C04F79EFBC}") = "PlgScheme", "ScadaWeb\ScadaScheme\PlgScheme\PlgScheme.csproj", "{36CBF606-7F85-4E46-BC7A-C86CACF675B2}"
EndProject
Project("{FAE04EC0-301F-11D3-BF4B-00C04F79EFBC}") = "ScadaSchemeCommon", "ScadaWeb\ScadaScheme\ScadaSchemeCommon\ScadaSchemeCommon.csproj", "{B61C631D-5AB8-431A-93C9-3DC8B36878BB}"
EndProject
Project("{FAE04EC0-301F-11D3-BF4B-00C04F79EFBC}") = "ScadaSchemeEditor", "ScadaWeb\ScadaScheme\ScadaSchemeEditor\ScadaSchemeEditor.csproj", "{E9317739-84F5-4207-87E3-F7AC6192EE48}"
EndProject
Project("{FAE04EC0-301F-11D3-BF4B-00C04F79EFBC}") = "TemplateBindingEditor", "ScadaWeb\ScadaScheme\TemplateBindingEditor\TemplateBindingEditor.csproj", "{D9EECC27-1120-432D-9DC4-3DA1BA875E85}"
EndProject
Project("{FAE04EC0-301F-11D3-BF4B-00C04F79EFBC}") = "ScadaCommCommon", "ScadaComm\ScadaComm\ScadaCommCommon\ScadaCommCommon.csproj", "{7BAEAE0E-4694-41D7-BC29-F205AEF69741}"
EndProject
Project("{FAE04EC0-301F-11D3-BF4B-00C04F79EFBC}") = "ScadaCommCtrl", "ScadaComm\ScadaComm\ScadaCommCtrl\ScadaCommCtrl.csproj", "{6B729F44-5178-471D-B636-D9FD8D049D4B}"
EndProject
Project("{FAE04EC0-301F-11D3-BF4B-00C04F79EFBC}") = "ScadaCommEngine", "ScadaComm\ScadaComm\ScadaCommEngine\ScadaCommEngine.csproj", "{3D222DF3-9DE8-4D03-B1DA-11C2B9EC3368}"
EndProject
Project("{FAE04EC0-301F-11D3-BF4B-00C04F79EFBC}") = "ScadaCommMono", "ScadaComm\ScadaComm\ScadaCommMono\ScadaCommMono.csproj", "{AE39349B-3AC0-4896-8A48-9AD0C032AA80}"
EndProject
Project("{FAE04EC0-301F-11D3-BF4B-00C04F79EFBC}") = "ScadaCommSvc", "ScadaComm\ScadaComm\ScadaCommSvc\ScadaCommSvc.csproj", "{004F8580-2350-4137-872E-8B0BE6D9FE40}"
EndProject
Project("{FAE04EC0-301F-11D3-BF4B-00C04F79EFBC}") = "ScadaCommShell", "ScadaComm\ScadaComm\ScadaCommShell\ScadaCommShell.csproj", "{77DB1A1B-5B41-463A-A282-26571F202772}"
EndProject
Project("{2150E333-8FDC-42A3-9474-1A3956D46DE8}") = "CommonLibrary", "CommonLibrary", "{E46DA94F-5574-4DB9-AAEF-EAEB56FD513A}"
EndProject
Project("{FAE04EC0-301F-11D3-BF4B-00C04F79EFBC}") = "KpSiemens", "OpenKPs\KpSiemens\KpSiemens.csproj", "{65CC707B-9619-4AA3-A8C8-0306084DB5E8}"
EndProject
Project("{FAE04EC0-301F-11D3-BF4B-00C04F79EFBC}") = "KpHiteModbus", "OpenKPs\KpHiteModbus\KpHiteModbus.csproj", "{C75B41C0-6DCC-454A-B36C-69DD01AFE5D5}"
EndProject
Project("{FAE04EC0-301F-11D3-BF4B-00C04F79EFBC}") = "KpCommon", "OpenKPs\KpCommon\KpCommon.csproj", "{2BA0BC26-8C82-4466-A0D1-92F0889C8A94}"
EndProject
Project("{FAE04EC0-301F-11D3-BF4B-00C04F79EFBC}") = "KpOmron", "OpenKPs\KpOmron\KpOmron.csproj", "{1E86E89D-D3BD-449E-966B-74934DB089CC}"
EndProject
Project("{FAE04EC0-301F-11D3-BF4B-00C04F79EFBC}") = "KpMelsec", "OpenKPs\KpMelsec\KpMelsec.csproj", "{30BA243F-A90D-4A9A-B5F8-6550DF95BAAC}"
EndProject
Project("{FAE04EC0-301F-11D3-BF4B-00C04F79EFBC}") = "KpAllenBrandly", "KpAllenBrandly\KpAllenBrandly.csproj", "{A2DE5801-0BFE-4AD2-9378-547EAD2AA6CE}"
EndProject
Project("{FAE04EC0-301F-11D3-BF4B-00C04F79EFBC}") = "KpHiteOpcUaServer", "KpHiteOpcUaServer\KpHiteOpcUaServer.csproj", "{9DD6B261-91A8-454A-917B-5E79931F9D50}"
EndProject
Project("{FAE04EC0-301F-11D3-BF4B-00C04F79EFBC}") = "KpMqtt", "OpenKPs\KpMqtt\KpMqtt\KpMqtt.csproj", "{DCE0A39F-172B-4EBC-965A-8B858F80B165}"
EndProject
Project("{FAE04EC0-301F-11D3-BF4B-00C04F79EFBC}") = "KpHiteMqtt", "KpHiteMqtt\KpHiteMqtt.csproj", "{E4FA7D11-0BC5-4BF0-98EB-3DDB681A8060}"
EndProject
Global
	GlobalSection(SolutionConfigurationPlatforms) = preSolution
		Debug|Any CPU = Debug|Any CPU
		Debug|x86 = Debug|x86
		Release|Any CPU = Release|Any CPU
		Release|x86 = Release|x86
	EndGlobalSection
	GlobalSection(ProjectConfigurationPlatforms) = postSolution
		{CB3BC544-51CB-4A40-8CF0-4B769C01F996}.Debug|Any CPU.ActiveCfg = Debug|Any CPU
		{CB3BC544-51CB-4A40-8CF0-4B769C01F996}.Debug|Any CPU.Build.0 = Debug|Any CPU
		{CB3BC544-51CB-4A40-8CF0-4B769C01F996}.Debug|x86.ActiveCfg = Debug|Any CPU
		{CB3BC544-51CB-4A40-8CF0-4B769C01F996}.Debug|x86.Build.0 = Debug|Any CPU
		{CB3BC544-51CB-4A40-8CF0-4B769C01F996}.Release|Any CPU.ActiveCfg = Release|Any CPU
		{CB3BC544-51CB-4A40-8CF0-4B769C01F996}.Release|Any CPU.Build.0 = Release|Any CPU
		{CB3BC544-51CB-4A40-8CF0-4B769C01F996}.Release|x86.ActiveCfg = Release|Any CPU
		{CB3BC544-51CB-4A40-8CF0-4B769C01F996}.Release|x86.Build.0 = Release|Any CPU
		{E536C888-ED86-4248-BA38-48E882241559}.Debug|Any CPU.ActiveCfg = Debug|Any CPU
		{E536C888-ED86-4248-BA38-48E882241559}.Debug|Any CPU.Build.0 = Debug|Any CPU
		{E536C888-ED86-4248-BA38-48E882241559}.Debug|x86.ActiveCfg = Debug|Any CPU
		{E536C888-ED86-4248-BA38-48E882241559}.Debug|x86.Build.0 = Debug|Any CPU
		{E536C888-ED86-4248-BA38-48E882241559}.Release|Any CPU.ActiveCfg = Release|Any CPU
		{E536C888-ED86-4248-BA38-48E882241559}.Release|Any CPU.Build.0 = Release|Any CPU
		{E536C888-ED86-4248-BA38-48E882241559}.Release|x86.ActiveCfg = Release|Any CPU
		{E536C888-ED86-4248-BA38-48E882241559}.Release|x86.Build.0 = Release|Any CPU
		{1529A2A2-53FC-446B-AE13-FF564C4DEC32}.Debug|Any CPU.ActiveCfg = Debug|Any CPU
		{1529A2A2-53FC-446B-AE13-FF564C4DEC32}.Debug|Any CPU.Build.0 = Debug|Any CPU
		{1529A2A2-53FC-446B-AE13-FF564C4DEC32}.Debug|x86.ActiveCfg = Debug|Any CPU
		{1529A2A2-53FC-446B-AE13-FF564C4DEC32}.Debug|x86.Build.0 = Debug|Any CPU
		{1529A2A2-53FC-446B-AE13-FF564C4DEC32}.Release|Any CPU.ActiveCfg = Release|Any CPU
		{1529A2A2-53FC-446B-AE13-FF564C4DEC32}.Release|Any CPU.Build.0 = Release|Any CPU
		{1529A2A2-53FC-446B-AE13-FF564C4DEC32}.Release|x86.ActiveCfg = Release|Any CPU
		{1529A2A2-53FC-446B-AE13-FF564C4DEC32}.Release|x86.Build.0 = Release|Any CPU
		{6ECB8A64-B0EC-48E8-9109-9984D37854B9}.Debug|Any CPU.ActiveCfg = Debug|Any CPU
		{6ECB8A64-B0EC-48E8-9109-9984D37854B9}.Debug|Any CPU.Build.0 = Debug|Any CPU
		{6ECB8A64-B0EC-48E8-9109-9984D37854B9}.Debug|x86.ActiveCfg = Debug|Any CPU
		{6ECB8A64-B0EC-48E8-9109-9984D37854B9}.Debug|x86.Build.0 = Debug|Any CPU
		{6ECB8A64-B0EC-48E8-9109-9984D37854B9}.Release|Any CPU.ActiveCfg = Release|Any CPU
		{6ECB8A64-B0EC-48E8-9109-9984D37854B9}.Release|Any CPU.Build.0 = Release|Any CPU
		{6ECB8A64-B0EC-48E8-9109-9984D37854B9}.Release|x86.ActiveCfg = Release|Any CPU
		{6ECB8A64-B0EC-48E8-9109-9984D37854B9}.Release|x86.Build.0 = Release|Any CPU
		{866BA66F-804A-4C6B-B0D2-8D8064AE1EEC}.Debug|Any CPU.ActiveCfg = Debug|Any CPU
		{866BA66F-804A-4C6B-B0D2-8D8064AE1EEC}.Debug|Any CPU.Build.0 = Debug|Any CPU
		{866BA66F-804A-4C6B-B0D2-8D8064AE1EEC}.Debug|x86.ActiveCfg = Debug|Any CPU
		{866BA66F-804A-4C6B-B0D2-8D8064AE1EEC}.Debug|x86.Build.0 = Debug|Any CPU
		{866BA66F-804A-4C6B-B0D2-8D8064AE1EEC}.Release|Any CPU.ActiveCfg = Release|Any CPU
		{866BA66F-804A-4C6B-B0D2-8D8064AE1EEC}.Release|Any CPU.Build.0 = Release|Any CPU
		{866BA66F-804A-4C6B-B0D2-8D8064AE1EEC}.Release|x86.ActiveCfg = Release|Any CPU
		{866BA66F-804A-4C6B-B0D2-8D8064AE1EEC}.Release|x86.Build.0 = Release|Any CPU
		{7CBF4A4B-E1A2-428E-8F68-EDD2FCE3088B}.Debug|Any CPU.ActiveCfg = Debug|Any CPU
		{7CBF4A4B-E1A2-428E-8F68-EDD2FCE3088B}.Debug|Any CPU.Build.0 = Debug|Any CPU
		{7CBF4A4B-E1A2-428E-8F68-EDD2FCE3088B}.Debug|x86.ActiveCfg = Debug|Any CPU
		{7CBF4A4B-E1A2-428E-8F68-EDD2FCE3088B}.Debug|x86.Build.0 = Debug|Any CPU
		{7CBF4A4B-E1A2-428E-8F68-EDD2FCE3088B}.Release|Any CPU.ActiveCfg = Release|Any CPU
		{7CBF4A4B-E1A2-428E-8F68-EDD2FCE3088B}.Release|Any CPU.Build.0 = Release|Any CPU
		{7CBF4A4B-E1A2-428E-8F68-EDD2FCE3088B}.Release|x86.ActiveCfg = Release|Any CPU
		{7CBF4A4B-E1A2-428E-8F68-EDD2FCE3088B}.Release|x86.Build.0 = Release|Any CPU
		{205C7DAB-C3ED-4D4F-8F2F-CFE65D6C4044}.Debug|Any CPU.ActiveCfg = Debug|Any CPU
		{205C7DAB-C3ED-4D4F-8F2F-CFE65D6C4044}.Debug|Any CPU.Build.0 = Debug|Any CPU
		{205C7DAB-C3ED-4D4F-8F2F-CFE65D6C4044}.Debug|x86.ActiveCfg = Debug|Any CPU
		{205C7DAB-C3ED-4D4F-8F2F-CFE65D6C4044}.Debug|x86.Build.0 = Debug|Any CPU
		{205C7DAB-C3ED-4D4F-8F2F-CFE65D6C4044}.Release|Any CPU.ActiveCfg = Release|Any CPU
		{205C7DAB-C3ED-4D4F-8F2F-CFE65D6C4044}.Release|Any CPU.Build.0 = Release|Any CPU
		{205C7DAB-C3ED-4D4F-8F2F-CFE65D6C4044}.Release|x86.ActiveCfg = Release|Any CPU
		{205C7DAB-C3ED-4D4F-8F2F-CFE65D6C4044}.Release|x86.Build.0 = Release|Any CPU
		{3D20F245-4AFA-49D2-AC60-DA40190A129B}.Debug|Any CPU.ActiveCfg = Debug|Any CPU
		{3D20F245-4AFA-49D2-AC60-DA40190A129B}.Debug|Any CPU.Build.0 = Debug|Any CPU
		{3D20F245-4AFA-49D2-AC60-DA40190A129B}.Debug|x86.ActiveCfg = Debug|Any CPU
		{3D20F245-4AFA-49D2-AC60-DA40190A129B}.Debug|x86.Build.0 = Debug|Any CPU
		{3D20F245-4AFA-49D2-AC60-DA40190A129B}.Release|Any CPU.ActiveCfg = Release|Any CPU
		{3D20F245-4AFA-49D2-AC60-DA40190A129B}.Release|Any CPU.Build.0 = Release|Any CPU
		{3D20F245-4AFA-49D2-AC60-DA40190A129B}.Release|x86.ActiveCfg = Release|Any CPU
		{3D20F245-4AFA-49D2-AC60-DA40190A129B}.Release|x86.Build.0 = Release|Any CPU
		{81C5771D-5C51-4339-A336-36D5D28F03D9}.Debug|Any CPU.ActiveCfg = Debug|Any CPU
		{81C5771D-5C51-4339-A336-36D5D28F03D9}.Debug|Any CPU.Build.0 = Debug|Any CPU
		{81C5771D-5C51-4339-A336-36D5D28F03D9}.Debug|x86.ActiveCfg = Debug|Any CPU
		{81C5771D-5C51-4339-A336-36D5D28F03D9}.Debug|x86.Build.0 = Debug|Any CPU
		{81C5771D-5C51-4339-A336-36D5D28F03D9}.Release|Any CPU.ActiveCfg = Release|Any CPU
		{81C5771D-5C51-4339-A336-36D5D28F03D9}.Release|Any CPU.Build.0 = Release|Any CPU
		{81C5771D-5C51-4339-A336-36D5D28F03D9}.Release|x86.ActiveCfg = Release|Any CPU
		{81C5771D-5C51-4339-A336-36D5D28F03D9}.Release|x86.Build.0 = Release|Any CPU
		{54BEF6C5-B63D-41E3-A123-03F1802A44F7}.Debug|Any CPU.ActiveCfg = Debug|Any CPU
		{54BEF6C5-B63D-41E3-A123-03F1802A44F7}.Debug|Any CPU.Build.0 = Debug|Any CPU
		{54BEF6C5-B63D-41E3-A123-03F1802A44F7}.Debug|x86.ActiveCfg = Debug|Any CPU
		{54BEF6C5-B63D-41E3-A123-03F1802A44F7}.Debug|x86.Build.0 = Debug|Any CPU
		{54BEF6C5-B63D-41E3-A123-03F1802A44F7}.Release|Any CPU.ActiveCfg = Release|Any CPU
		{54BEF6C5-B63D-41E3-A123-03F1802A44F7}.Release|Any CPU.Build.0 = Release|Any CPU
		{54BEF6C5-B63D-41E3-A123-03F1802A44F7}.Release|x86.ActiveCfg = Release|Any CPU
		{54BEF6C5-B63D-41E3-A123-03F1802A44F7}.Release|x86.Build.0 = Release|Any CPU
		{650B47BB-B3C7-4DD6-87F4-2BB65E084508}.Debug|Any CPU.ActiveCfg = Debug|Any CPU
		{650B47BB-B3C7-4DD6-87F4-2BB65E084508}.Debug|Any CPU.Build.0 = Debug|Any CPU
		{650B47BB-B3C7-4DD6-87F4-2BB65E084508}.Debug|x86.ActiveCfg = Debug|Any CPU
		{650B47BB-B3C7-4DD6-87F4-2BB65E084508}.Debug|x86.Build.0 = Debug|Any CPU
		{650B47BB-B3C7-4DD6-87F4-2BB65E084508}.Release|Any CPU.ActiveCfg = Release|Any CPU
		{650B47BB-B3C7-4DD6-87F4-2BB65E084508}.Release|Any CPU.Build.0 = Release|Any CPU
		{650B47BB-B3C7-4DD6-87F4-2BB65E084508}.Release|x86.ActiveCfg = Release|Any CPU
		{650B47BB-B3C7-4DD6-87F4-2BB65E084508}.Release|x86.Build.0 = Release|Any CPU
		{D0AD784B-587D-4CD1-AF7F-7473A4FF7060}.Debug|Any CPU.ActiveCfg = Debug|Any CPU
		{D0AD784B-587D-4CD1-AF7F-7473A4FF7060}.Debug|Any CPU.Build.0 = Debug|Any CPU
		{D0AD784B-587D-4CD1-AF7F-7473A4FF7060}.Debug|x86.ActiveCfg = Debug|Any CPU
		{D0AD784B-587D-4CD1-AF7F-7473A4FF7060}.Debug|x86.Build.0 = Debug|Any CPU
		{D0AD784B-587D-4CD1-AF7F-7473A4FF7060}.Release|Any CPU.ActiveCfg = Release|Any CPU
		{D0AD784B-587D-4CD1-AF7F-7473A4FF7060}.Release|Any CPU.Build.0 = Release|Any CPU
		{D0AD784B-587D-4CD1-AF7F-7473A4FF7060}.Release|x86.ActiveCfg = Release|Any CPU
		{D0AD784B-587D-4CD1-AF7F-7473A4FF7060}.Release|x86.Build.0 = Release|Any CPU
		{2D224EFD-95FC-4039-AE99-72D383464FF5}.Debug|Any CPU.ActiveCfg = Debug|Any CPU
		{2D224EFD-95FC-4039-AE99-72D383464FF5}.Debug|Any CPU.Build.0 = Debug|Any CPU
		{2D224EFD-95FC-4039-AE99-72D383464FF5}.Debug|x86.ActiveCfg = Debug|Any CPU
		{2D224EFD-95FC-4039-AE99-72D383464FF5}.Debug|x86.Build.0 = Debug|Any CPU
		{2D224EFD-95FC-4039-AE99-72D383464FF5}.Release|Any CPU.ActiveCfg = Release|Any CPU
		{2D224EFD-95FC-4039-AE99-72D383464FF5}.Release|Any CPU.Build.0 = Release|Any CPU
		{2D224EFD-95FC-4039-AE99-72D383464FF5}.Release|x86.ActiveCfg = Release|Any CPU
		{2D224EFD-95FC-4039-AE99-72D383464FF5}.Release|x86.Build.0 = Release|Any CPU
		{1943BB06-1D1E-45A6-ADF0-B6437512138B}.Debug|Any CPU.ActiveCfg = Debug|Any CPU
		{1943BB06-1D1E-45A6-ADF0-B6437512138B}.Debug|Any CPU.Build.0 = Debug|Any CPU
		{1943BB06-1D1E-45A6-ADF0-B6437512138B}.Debug|x86.ActiveCfg = Debug|Any CPU
		{1943BB06-1D1E-45A6-ADF0-B6437512138B}.Debug|x86.Build.0 = Debug|Any CPU
		{1943BB06-1D1E-45A6-ADF0-B6437512138B}.Release|Any CPU.ActiveCfg = Release|Any CPU
		{1943BB06-1D1E-45A6-ADF0-B6437512138B}.Release|Any CPU.Build.0 = Release|Any CPU
		{1943BB06-1D1E-45A6-ADF0-B6437512138B}.Release|x86.ActiveCfg = Release|Any CPU
		{1943BB06-1D1E-45A6-ADF0-B6437512138B}.Release|x86.Build.0 = Release|Any CPU
		{7AB046BB-7D19-4E13-AC41-DD909490633F}.Debug|Any CPU.ActiveCfg = Debug|Any CPU
		{7AB046BB-7D19-4E13-AC41-DD909490633F}.Debug|Any CPU.Build.0 = Debug|Any CPU
		{7AB046BB-7D19-4E13-AC41-DD909490633F}.Debug|x86.ActiveCfg = Debug|Any CPU
		{7AB046BB-7D19-4E13-AC41-DD909490633F}.Debug|x86.Build.0 = Debug|Any CPU
		{7AB046BB-7D19-4E13-AC41-DD909490633F}.Release|Any CPU.ActiveCfg = Release|Any CPU
		{7AB046BB-7D19-4E13-AC41-DD909490633F}.Release|Any CPU.Build.0 = Release|Any CPU
		{7AB046BB-7D19-4E13-AC41-DD909490633F}.Release|x86.ActiveCfg = Release|Any CPU
		{7AB046BB-7D19-4E13-AC41-DD909490633F}.Release|x86.Build.0 = Release|Any CPU
		{1D0EF7CF-B70B-4544-A11B-EAE4F6DCFF7F}.Debug|Any CPU.ActiveCfg = Debug|Any CPU
		{1D0EF7CF-B70B-4544-A11B-EAE4F6DCFF7F}.Debug|Any CPU.Build.0 = Debug|Any CPU
		{1D0EF7CF-B70B-4544-A11B-EAE4F6DCFF7F}.Debug|x86.ActiveCfg = Debug|Any CPU
		{1D0EF7CF-B70B-4544-A11B-EAE4F6DCFF7F}.Debug|x86.Build.0 = Debug|Any CPU
		{1D0EF7CF-B70B-4544-A11B-EAE4F6DCFF7F}.Release|Any CPU.ActiveCfg = Release|Any CPU
		{1D0EF7CF-B70B-4544-A11B-EAE4F6DCFF7F}.Release|Any CPU.Build.0 = Release|Any CPU
		{1D0EF7CF-B70B-4544-A11B-EAE4F6DCFF7F}.Release|x86.ActiveCfg = Release|Any CPU
		{1D0EF7CF-B70B-4544-A11B-EAE4F6DCFF7F}.Release|x86.Build.0 = Release|Any CPU
		{A05EA084-E509-4025-9241-6A5BE5C2B328}.Debug|Any CPU.ActiveCfg = Debug|Any CPU
		{A05EA084-E509-4025-9241-6A5BE5C2B328}.Debug|Any CPU.Build.0 = Debug|Any CPU
		{A05EA084-E509-4025-9241-6A5BE5C2B328}.Debug|x86.ActiveCfg = Debug|Any CPU
		{A05EA084-E509-4025-9241-6A5BE5C2B328}.Debug|x86.Build.0 = Debug|Any CPU
		{A05EA084-E509-4025-9241-6A5BE5C2B328}.Release|Any CPU.ActiveCfg = Release|Any CPU
		{A05EA084-E509-4025-9241-6A5BE5C2B328}.Release|Any CPU.Build.0 = Release|Any CPU
		{A05EA084-E509-4025-9241-6A5BE5C2B328}.Release|x86.ActiveCfg = Release|Any CPU
		{A05EA084-E509-4025-9241-6A5BE5C2B328}.Release|x86.Build.0 = Release|Any CPU
		{560FA813-E13D-4249-939B-353BD2F3ED59}.Debug|Any CPU.ActiveCfg = Debug|Any CPU
		{560FA813-E13D-4249-939B-353BD2F3ED59}.Debug|Any CPU.Build.0 = Debug|Any CPU
		{560FA813-E13D-4249-939B-353BD2F3ED59}.Debug|x86.ActiveCfg = Debug|Any CPU
		{560FA813-E13D-4249-939B-353BD2F3ED59}.Debug|x86.Build.0 = Debug|Any CPU
		{560FA813-E13D-4249-939B-353BD2F3ED59}.Release|Any CPU.ActiveCfg = Release|Any CPU
		{560FA813-E13D-4249-939B-353BD2F3ED59}.Release|Any CPU.Build.0 = Release|Any CPU
		{560FA813-E13D-4249-939B-353BD2F3ED59}.Release|x86.ActiveCfg = Release|Any CPU
		{560FA813-E13D-4249-939B-353BD2F3ED59}.Release|x86.Build.0 = Release|Any CPU
		{59393DBD-5EDD-46D0-8157-0C6151621D5E}.Debug|Any CPU.ActiveCfg = Debug|Any CPU
		{59393DBD-5EDD-46D0-8157-0C6151621D5E}.Debug|Any CPU.Build.0 = Debug|Any CPU
		{59393DBD-5EDD-46D0-8157-0C6151621D5E}.Debug|x86.ActiveCfg = Debug|Any CPU
		{59393DBD-5EDD-46D0-8157-0C6151621D5E}.Debug|x86.Build.0 = Debug|Any CPU
		{59393DBD-5EDD-46D0-8157-0C6151621D5E}.Release|Any CPU.ActiveCfg = Release|Any CPU
		{59393DBD-5EDD-46D0-8157-0C6151621D5E}.Release|Any CPU.Build.0 = Release|Any CPU
		{59393DBD-5EDD-46D0-8157-0C6151621D5E}.Release|x86.ActiveCfg = Release|Any CPU
		{59393DBD-5EDD-46D0-8157-0C6151621D5E}.Release|x86.Build.0 = Release|Any CPU
		{A37E3F4C-2E35-4183-87B1-0D4F6E5692F9}.Debug|Any CPU.ActiveCfg = Debug|Any CPU
		{A37E3F4C-2E35-4183-87B1-0D4F6E5692F9}.Debug|Any CPU.Build.0 = Debug|Any CPU
		{A37E3F4C-2E35-4183-87B1-0D4F6E5692F9}.Debug|x86.ActiveCfg = Debug|Any CPU
		{A37E3F4C-2E35-4183-87B1-0D4F6E5692F9}.Debug|x86.Build.0 = Debug|Any CPU
		{A37E3F4C-2E35-4183-87B1-0D4F6E5692F9}.Release|Any CPU.ActiveCfg = Release|Any CPU
		{A37E3F4C-2E35-4183-87B1-0D4F6E5692F9}.Release|Any CPU.Build.0 = Release|Any CPU
		{A37E3F4C-2E35-4183-87B1-0D4F6E5692F9}.Release|x86.ActiveCfg = Release|Any CPU
		{A37E3F4C-2E35-4183-87B1-0D4F6E5692F9}.Release|x86.Build.0 = Release|Any CPU
		{C5DC293F-13CA-435F-A7DB-4BA91639C292}.Debug|Any CPU.ActiveCfg = Debug|Any CPU
		{C5DC293F-13CA-435F-A7DB-4BA91639C292}.Debug|Any CPU.Build.0 = Debug|Any CPU
		{C5DC293F-13CA-435F-A7DB-4BA91639C292}.Debug|x86.ActiveCfg = Debug|Any CPU
		{C5DC293F-13CA-435F-A7DB-4BA91639C292}.Debug|x86.Build.0 = Debug|Any CPU
		{C5DC293F-13CA-435F-A7DB-4BA91639C292}.Release|Any CPU.ActiveCfg = Release|Any CPU
		{C5DC293F-13CA-435F-A7DB-4BA91639C292}.Release|Any CPU.Build.0 = Release|Any CPU
		{C5DC293F-13CA-435F-A7DB-4BA91639C292}.Release|x86.ActiveCfg = Release|Any CPU
		{C5DC293F-13CA-435F-A7DB-4BA91639C292}.Release|x86.Build.0 = Release|Any CPU
		{1DDE26A2-1E24-4680-A635-2760B37CAFDB}.Debug|Any CPU.ActiveCfg = Debug|Any CPU
		{1DDE26A2-1E24-4680-A635-2760B37CAFDB}.Debug|Any CPU.Build.0 = Debug|Any CPU
		{1DDE26A2-1E24-4680-A635-2760B37CAFDB}.Debug|x86.ActiveCfg = Debug|Any CPU
		{1DDE26A2-1E24-4680-A635-2760B37CAFDB}.Debug|x86.Build.0 = Debug|Any CPU
		{1DDE26A2-1E24-4680-A635-2760B37CAFDB}.Release|Any CPU.ActiveCfg = Release|Any CPU
		{1DDE26A2-1E24-4680-A635-2760B37CAFDB}.Release|Any CPU.Build.0 = Release|Any CPU
		{1DDE26A2-1E24-4680-A635-2760B37CAFDB}.Release|x86.ActiveCfg = Release|Any CPU
		{1DDE26A2-1E24-4680-A635-2760B37CAFDB}.Release|x86.Build.0 = Release|Any CPU
		{23F5209D-6937-4D18-BF42-225FFC3EDD91}.Debug|Any CPU.ActiveCfg = Debug|Any CPU
		{23F5209D-6937-4D18-BF42-225FFC3EDD91}.Debug|Any CPU.Build.0 = Debug|Any CPU
		{23F5209D-6937-4D18-BF42-225FFC3EDD91}.Debug|x86.ActiveCfg = Debug|Any CPU
		{23F5209D-6937-4D18-BF42-225FFC3EDD91}.Debug|x86.Build.0 = Debug|Any CPU
		{23F5209D-6937-4D18-BF42-225FFC3EDD91}.Release|Any CPU.ActiveCfg = Release|Any CPU
		{23F5209D-6937-4D18-BF42-225FFC3EDD91}.Release|Any CPU.Build.0 = Release|Any CPU
		{23F5209D-6937-4D18-BF42-225FFC3EDD91}.Release|x86.ActiveCfg = Release|Any CPU
		{23F5209D-6937-4D18-BF42-225FFC3EDD91}.Release|x86.Build.0 = Release|Any CPU
		{A17BB69E-0404-44EC-8B1F-C2E209FC010D}.Debug|Any CPU.ActiveCfg = Debug|Any CPU
		{A17BB69E-0404-44EC-8B1F-C2E209FC010D}.Debug|Any CPU.Build.0 = Debug|Any CPU
		{A17BB69E-0404-44EC-8B1F-C2E209FC010D}.Debug|x86.ActiveCfg = Debug|Any CPU
		{A17BB69E-0404-44EC-8B1F-C2E209FC010D}.Debug|x86.Build.0 = Debug|Any CPU
		{A17BB69E-0404-44EC-8B1F-C2E209FC010D}.Release|Any CPU.ActiveCfg = Release|Any CPU
		{A17BB69E-0404-44EC-8B1F-C2E209FC010D}.Release|Any CPU.Build.0 = Release|Any CPU
		{A17BB69E-0404-44EC-8B1F-C2E209FC010D}.Release|x86.ActiveCfg = Release|Any CPU
		{A17BB69E-0404-44EC-8B1F-C2E209FC010D}.Release|x86.Build.0 = Release|Any CPU
		{827CCEDC-F418-4261-9448-EA28F9033A4D}.Debug|Any CPU.ActiveCfg = Debug|Any CPU
		{827CCEDC-F418-4261-9448-EA28F9033A4D}.Debug|Any CPU.Build.0 = Debug|Any CPU
		{827CCEDC-F418-4261-9448-EA28F9033A4D}.Debug|x86.ActiveCfg = Debug|Any CPU
		{827CCEDC-F418-4261-9448-EA28F9033A4D}.Debug|x86.Build.0 = Debug|Any CPU
		{827CCEDC-F418-4261-9448-EA28F9033A4D}.Release|Any CPU.ActiveCfg = Release|Any CPU
		{827CCEDC-F418-4261-9448-EA28F9033A4D}.Release|Any CPU.Build.0 = Release|Any CPU
		{827CCEDC-F418-4261-9448-EA28F9033A4D}.Release|x86.ActiveCfg = Release|Any CPU
		{827CCEDC-F418-4261-9448-EA28F9033A4D}.Release|x86.Build.0 = Release|Any CPU
		{31415B61-53C3-4746-B586-CFD7FC16CED2}.Debug|Any CPU.ActiveCfg = Debug|Any CPU
		{31415B61-53C3-4746-B586-CFD7FC16CED2}.Debug|Any CPU.Build.0 = Debug|Any CPU
		{31415B61-53C3-4746-B586-CFD7FC16CED2}.Debug|x86.ActiveCfg = Debug|Any CPU
		{31415B61-53C3-4746-B586-CFD7FC16CED2}.Debug|x86.Build.0 = Debug|Any CPU
		{31415B61-53C3-4746-B586-CFD7FC16CED2}.Release|Any CPU.ActiveCfg = Release|Any CPU
		{31415B61-53C3-4746-B586-CFD7FC16CED2}.Release|Any CPU.Build.0 = Release|Any CPU
		{31415B61-53C3-4746-B586-CFD7FC16CED2}.Release|x86.ActiveCfg = Release|Any CPU
		{31415B61-53C3-4746-B586-CFD7FC16CED2}.Release|x86.Build.0 = Release|Any CPU
		{3CA67403-5B85-489A-B7B4-81D682B23146}.Debug|Any CPU.ActiveCfg = Debug|Any CPU
		{3CA67403-5B85-489A-B7B4-81D682B23146}.Debug|Any CPU.Build.0 = Debug|Any CPU
		{3CA67403-5B85-489A-B7B4-81D682B23146}.Debug|x86.ActiveCfg = Debug|Any CPU
		{3CA67403-5B85-489A-B7B4-81D682B23146}.Debug|x86.Build.0 = Debug|Any CPU
		{3CA67403-5B85-489A-B7B4-81D682B23146}.Release|Any CPU.ActiveCfg = Release|Any CPU
		{3CA67403-5B85-489A-B7B4-81D682B23146}.Release|Any CPU.Build.0 = Release|Any CPU
		{3CA67403-5B85-489A-B7B4-81D682B23146}.Release|x86.ActiveCfg = Release|Any CPU
		{3CA67403-5B85-489A-B7B4-81D682B23146}.Release|x86.Build.0 = Release|Any CPU
		{494CFDD5-92FB-4A83-B4F7-C5B04D681726}.Debug|Any CPU.ActiveCfg = Debug|Any CPU
		{494CFDD5-92FB-4A83-B4F7-C5B04D681726}.Debug|Any CPU.Build.0 = Debug|Any CPU
		{494CFDD5-92FB-4A83-B4F7-C5B04D681726}.Debug|x86.ActiveCfg = Debug|x86
		{494CFDD5-92FB-4A83-B4F7-C5B04D681726}.Debug|x86.Build.0 = Debug|x86
		{494CFDD5-92FB-4A83-B4F7-C5B04D681726}.Release|Any CPU.ActiveCfg = Release|Any CPU
		{494CFDD5-92FB-4A83-B4F7-C5B04D681726}.Release|Any CPU.Build.0 = Release|Any CPU
		{494CFDD5-92FB-4A83-B4F7-C5B04D681726}.Release|x86.ActiveCfg = Release|x86
		{494CFDD5-92FB-4A83-B4F7-C5B04D681726}.Release|x86.Build.0 = Release|x86
		{DCC9E55D-92D6-4464-B5B9-0593DE57C64F}.Debug|Any CPU.ActiveCfg = Debug|Any CPU
		{DCC9E55D-92D6-4464-B5B9-0593DE57C64F}.Debug|Any CPU.Build.0 = Debug|Any CPU
		{DCC9E55D-92D6-4464-B5B9-0593DE57C64F}.Debug|x86.ActiveCfg = Debug|Any CPU
		{DCC9E55D-92D6-4464-B5B9-0593DE57C64F}.Debug|x86.Build.0 = Debug|Any CPU
		{DCC9E55D-92D6-4464-B5B9-0593DE57C64F}.Release|Any CPU.ActiveCfg = Release|Any CPU
		{DCC9E55D-92D6-4464-B5B9-0593DE57C64F}.Release|Any CPU.Build.0 = Release|Any CPU
		{DCC9E55D-92D6-4464-B5B9-0593DE57C64F}.Release|x86.ActiveCfg = Release|Any CPU
		{DCC9E55D-92D6-4464-B5B9-0593DE57C64F}.Release|x86.Build.0 = Release|Any CPU
		{2E5ADC08-CAB8-4CF3-B2B3-D856EFEBBEC1}.Debug|Any CPU.ActiveCfg = Debug|Any CPU
		{2E5ADC08-CAB8-4CF3-B2B3-D856EFEBBEC1}.Debug|Any CPU.Build.0 = Debug|Any CPU
		{2E5ADC08-CAB8-4CF3-B2B3-D856EFEBBEC1}.Debug|x86.ActiveCfg = Debug|Any CPU
		{2E5ADC08-CAB8-4CF3-B2B3-D856EFEBBEC1}.Debug|x86.Build.0 = Debug|Any CPU
		{2E5ADC08-CAB8-4CF3-B2B3-D856EFEBBEC1}.Release|Any CPU.ActiveCfg = Release|Any CPU
		{2E5ADC08-CAB8-4CF3-B2B3-D856EFEBBEC1}.Release|Any CPU.Build.0 = Release|Any CPU
		{2E5ADC08-CAB8-4CF3-B2B3-D856EFEBBEC1}.Release|x86.ActiveCfg = Release|Any CPU
		{2E5ADC08-CAB8-4CF3-B2B3-D856EFEBBEC1}.Release|x86.Build.0 = Release|Any CPU
		{0978C09D-9F0C-4242-8646-FA8EB90FEFB9}.Debug|Any CPU.ActiveCfg = Debug|Any CPU
		{0978C09D-9F0C-4242-8646-FA8EB90FEFB9}.Debug|Any CPU.Build.0 = Debug|Any CPU
		{0978C09D-9F0C-4242-8646-FA8EB90FEFB9}.Debug|x86.ActiveCfg = Debug|Any CPU
		{0978C09D-9F0C-4242-8646-FA8EB90FEFB9}.Debug|x86.Build.0 = Debug|Any CPU
		{0978C09D-9F0C-4242-8646-FA8EB90FEFB9}.Release|Any CPU.ActiveCfg = Release|Any CPU
		{0978C09D-9F0C-4242-8646-FA8EB90FEFB9}.Release|Any CPU.Build.0 = Release|Any CPU
		{0978C09D-9F0C-4242-8646-FA8EB90FEFB9}.Release|x86.ActiveCfg = Release|Any CPU
		{0978C09D-9F0C-4242-8646-FA8EB90FEFB9}.Release|x86.Build.0 = Release|Any CPU
		{D876BF85-C99B-4C16-A053-8877C84E7E02}.Debug|Any CPU.ActiveCfg = Debug|Any CPU
		{D876BF85-C99B-4C16-A053-8877C84E7E02}.Debug|Any CPU.Build.0 = Debug|Any CPU
		{D876BF85-C99B-4C16-A053-8877C84E7E02}.Debug|x86.ActiveCfg = Debug|Any CPU
		{D876BF85-C99B-4C16-A053-8877C84E7E02}.Debug|x86.Build.0 = Debug|Any CPU
		{D876BF85-C99B-4C16-A053-8877C84E7E02}.Release|Any CPU.ActiveCfg = Release|Any CPU
		{D876BF85-C99B-4C16-A053-8877C84E7E02}.Release|Any CPU.Build.0 = Release|Any CPU
		{D876BF85-C99B-4C16-A053-8877C84E7E02}.Release|x86.ActiveCfg = Release|Any CPU
		{D876BF85-C99B-4C16-A053-8877C84E7E02}.Release|x86.Build.0 = Release|Any CPU
		{B2F7CDB0-E692-40F3-AE8B-8BC366EC52CB}.Debug|Any CPU.ActiveCfg = Debug|Any CPU
		{B2F7CDB0-E692-40F3-AE8B-8BC366EC52CB}.Debug|Any CPU.Build.0 = Debug|Any CPU
		{B2F7CDB0-E692-40F3-AE8B-8BC366EC52CB}.Debug|x86.ActiveCfg = Debug|Any CPU
		{B2F7CDB0-E692-40F3-AE8B-8BC366EC52CB}.Debug|x86.Build.0 = Debug|Any CPU
		{B2F7CDB0-E692-40F3-AE8B-8BC366EC52CB}.Release|Any CPU.ActiveCfg = Release|Any CPU
		{B2F7CDB0-E692-40F3-AE8B-8BC366EC52CB}.Release|Any CPU.Build.0 = Release|Any CPU
		{B2F7CDB0-E692-40F3-AE8B-8BC366EC52CB}.Release|x86.ActiveCfg = Release|Any CPU
		{B2F7CDB0-E692-40F3-AE8B-8BC366EC52CB}.Release|x86.Build.0 = Release|Any CPU
		{BB116EF0-EAAF-4EBF-A3A1-0870B7C4CA2B}.Debug|Any CPU.ActiveCfg = Debug|Any CPU
		{BB116EF0-EAAF-4EBF-A3A1-0870B7C4CA2B}.Debug|Any CPU.Build.0 = Debug|Any CPU
		{BB116EF0-EAAF-4EBF-A3A1-0870B7C4CA2B}.Debug|x86.ActiveCfg = Debug|Any CPU
		{BB116EF0-EAAF-4EBF-A3A1-0870B7C4CA2B}.Debug|x86.Build.0 = Debug|Any CPU
		{BB116EF0-EAAF-4EBF-A3A1-0870B7C4CA2B}.Release|Any CPU.ActiveCfg = Release|Any CPU
		{BB116EF0-EAAF-4EBF-A3A1-0870B7C4CA2B}.Release|Any CPU.Build.0 = Release|Any CPU
		{BB116EF0-EAAF-4EBF-A3A1-0870B7C4CA2B}.Release|x86.ActiveCfg = Release|Any CPU
		{BB116EF0-EAAF-4EBF-A3A1-0870B7C4CA2B}.Release|x86.Build.0 = Release|Any CPU
		{1E1B3570-9512-4515-81DD-3778EA772B19}.Debug|Any CPU.ActiveCfg = Debug|Any CPU
		{1E1B3570-9512-4515-81DD-3778EA772B19}.Debug|Any CPU.Build.0 = Debug|Any CPU
		{1E1B3570-9512-4515-81DD-3778EA772B19}.Debug|x86.ActiveCfg = Debug|Any CPU
		{1E1B3570-9512-4515-81DD-3778EA772B19}.Debug|x86.Build.0 = Debug|Any CPU
		{1E1B3570-9512-4515-81DD-3778EA772B19}.Release|Any CPU.ActiveCfg = Release|Any CPU
		{1E1B3570-9512-4515-81DD-3778EA772B19}.Release|Any CPU.Build.0 = Release|Any CPU
		{1E1B3570-9512-4515-81DD-3778EA772B19}.Release|x86.ActiveCfg = Release|Any CPU
		{1E1B3570-9512-4515-81DD-3778EA772B19}.Release|x86.Build.0 = Release|Any CPU
		{3530ABA7-0F08-4043-9FAF-2D808E81272C}.Debug|Any CPU.ActiveCfg = Debug|Any CPU
		{3530ABA7-0F08-4043-9FAF-2D808E81272C}.Debug|Any CPU.Build.0 = Debug|Any CPU
		{3530ABA7-0F08-4043-9FAF-2D808E81272C}.Debug|x86.ActiveCfg = Debug|Any CPU
		{3530ABA7-0F08-4043-9FAF-2D808E81272C}.Debug|x86.Build.0 = Debug|Any CPU
		{3530ABA7-0F08-4043-9FAF-2D808E81272C}.Release|Any CPU.ActiveCfg = Release|Any CPU
		{3530ABA7-0F08-4043-9FAF-2D808E81272C}.Release|Any CPU.Build.0 = Release|Any CPU
		{3530ABA7-0F08-4043-9FAF-2D808E81272C}.Release|x86.ActiveCfg = Release|Any CPU
		{3530ABA7-0F08-4043-9FAF-2D808E81272C}.Release|x86.Build.0 = Release|Any CPU
		{45E8CD64-3FB3-4B29-BFD4-2823D8F2AA02}.Debug|Any CPU.ActiveCfg = Debug|Any CPU
		{45E8CD64-3FB3-4B29-BFD4-2823D8F2AA02}.Debug|Any CPU.Build.0 = Debug|Any CPU
		{45E8CD64-3FB3-4B29-BFD4-2823D8F2AA02}.Debug|x86.ActiveCfg = Debug|Any CPU
		{45E8CD64-3FB3-4B29-BFD4-2823D8F2AA02}.Debug|x86.Build.0 = Debug|Any CPU
		{45E8CD64-3FB3-4B29-BFD4-2823D8F2AA02}.Release|Any CPU.ActiveCfg = Release|Any CPU
		{45E8CD64-3FB3-4B29-BFD4-2823D8F2AA02}.Release|Any CPU.Build.0 = Release|Any CPU
		{45E8CD64-3FB3-4B29-BFD4-2823D8F2AA02}.Release|x86.ActiveCfg = Release|Any CPU
		{45E8CD64-3FB3-4B29-BFD4-2823D8F2AA02}.Release|x86.Build.0 = Release|Any CPU
		{C377283B-858B-4EFC-A560-E90FF2F26B03}.Debug|Any CPU.ActiveCfg = Debug|Any CPU
		{C377283B-858B-4EFC-A560-E90FF2F26B03}.Debug|Any CPU.Build.0 = Debug|Any CPU
		{C377283B-858B-4EFC-A560-E90FF2F26B03}.Debug|x86.ActiveCfg = Debug|Any CPU
		{C377283B-858B-4EFC-A560-E90FF2F26B03}.Debug|x86.Build.0 = Debug|Any CPU
		{C377283B-858B-4EFC-A560-E90FF2F26B03}.Release|Any CPU.ActiveCfg = Release|Any CPU
		{C377283B-858B-4EFC-A560-E90FF2F26B03}.Release|Any CPU.Build.0 = Release|Any CPU
		{C377283B-858B-4EFC-A560-E90FF2F26B03}.Release|x86.ActiveCfg = Release|Any CPU
		{C377283B-858B-4EFC-A560-E90FF2F26B03}.Release|x86.Build.0 = Release|Any CPU
		{593318B1-3CB4-441B-B273-E3F37DF070B5}.Debug|Any CPU.ActiveCfg = Debug|Any CPU
		{593318B1-3CB4-441B-B273-E3F37DF070B5}.Debug|Any CPU.Build.0 = Debug|Any CPU
		{593318B1-3CB4-441B-B273-E3F37DF070B5}.Debug|x86.ActiveCfg = Debug|Any CPU
		{593318B1-3CB4-441B-B273-E3F37DF070B5}.Debug|x86.Build.0 = Debug|Any CPU
		{593318B1-3CB4-441B-B273-E3F37DF070B5}.Release|Any CPU.ActiveCfg = Release|Any CPU
		{593318B1-3CB4-441B-B273-E3F37DF070B5}.Release|Any CPU.Build.0 = Release|Any CPU
		{593318B1-3CB4-441B-B273-E3F37DF070B5}.Release|x86.ActiveCfg = Release|Any CPU
		{593318B1-3CB4-441B-B273-E3F37DF070B5}.Release|x86.Build.0 = Release|Any CPU
		{C5B4F9FA-E4AE-418E-9CE8-8CB92C9CBFB8}.Debug|Any CPU.ActiveCfg = Debug|Any CPU
		{C5B4F9FA-E4AE-418E-9CE8-8CB92C9CBFB8}.Debug|Any CPU.Build.0 = Debug|Any CPU
		{C5B4F9FA-E4AE-418E-9CE8-8CB92C9CBFB8}.Debug|x86.ActiveCfg = Debug|Any CPU
		{C5B4F9FA-E4AE-418E-9CE8-8CB92C9CBFB8}.Debug|x86.Build.0 = Debug|Any CPU
		{C5B4F9FA-E4AE-418E-9CE8-8CB92C9CBFB8}.Release|Any CPU.ActiveCfg = Release|Any CPU
		{C5B4F9FA-E4AE-418E-9CE8-8CB92C9CBFB8}.Release|Any CPU.Build.0 = Release|Any CPU
		{C5B4F9FA-E4AE-418E-9CE8-8CB92C9CBFB8}.Release|x86.ActiveCfg = Release|Any CPU
		{C5B4F9FA-E4AE-418E-9CE8-8CB92C9CBFB8}.Release|x86.Build.0 = Release|Any CPU
		{BAF45C4F-1BE3-4810-9EA6-3B53894E32BF}.Debug|Any CPU.ActiveCfg = Debug|Any CPU
		{BAF45C4F-1BE3-4810-9EA6-3B53894E32BF}.Debug|Any CPU.Build.0 = Debug|Any CPU
		{BAF45C4F-1BE3-4810-9EA6-3B53894E32BF}.Debug|x86.ActiveCfg = Debug|Any CPU
		{BAF45C4F-1BE3-4810-9EA6-3B53894E32BF}.Debug|x86.Build.0 = Debug|Any CPU
		{BAF45C4F-1BE3-4810-9EA6-3B53894E32BF}.Release|Any CPU.ActiveCfg = Release|Any CPU
		{BAF45C4F-1BE3-4810-9EA6-3B53894E32BF}.Release|Any CPU.Build.0 = Release|Any CPU
		{BAF45C4F-1BE3-4810-9EA6-3B53894E32BF}.Release|x86.ActiveCfg = Release|Any CPU
		{BAF45C4F-1BE3-4810-9EA6-3B53894E32BF}.Release|x86.Build.0 = Release|Any CPU
		{868DE826-356E-47A4-9DE7-EA7168FCA90A}.Debug|Any CPU.ActiveCfg = Debug|Any CPU
		{868DE826-356E-47A4-9DE7-EA7168FCA90A}.Debug|Any CPU.Build.0 = Debug|Any CPU
		{868DE826-356E-47A4-9DE7-EA7168FCA90A}.Debug|x86.ActiveCfg = Debug|Any CPU
		{868DE826-356E-47A4-9DE7-EA7168FCA90A}.Debug|x86.Build.0 = Debug|Any CPU
		{868DE826-356E-47A4-9DE7-EA7168FCA90A}.Release|Any CPU.ActiveCfg = Release|Any CPU
		{868DE826-356E-47A4-9DE7-EA7168FCA90A}.Release|Any CPU.Build.0 = Release|Any CPU
		{868DE826-356E-47A4-9DE7-EA7168FCA90A}.Release|x86.ActiveCfg = Release|Any CPU
		{868DE826-356E-47A4-9DE7-EA7168FCA90A}.Release|x86.Build.0 = Release|Any CPU
		{41C04942-ADF1-42DF-82EF-AD7810721183}.Debug|Any CPU.ActiveCfg = Debug|Any CPU
		{41C04942-ADF1-42DF-82EF-AD7810721183}.Debug|Any CPU.Build.0 = Debug|Any CPU
		{41C04942-ADF1-42DF-82EF-AD7810721183}.Debug|x86.ActiveCfg = Debug|x86
		{41C04942-ADF1-42DF-82EF-AD7810721183}.Debug|x86.Build.0 = Debug|x86
		{41C04942-ADF1-42DF-82EF-AD7810721183}.Release|Any CPU.ActiveCfg = Release|Any CPU
		{41C04942-ADF1-42DF-82EF-AD7810721183}.Release|Any CPU.Build.0 = Release|Any CPU
		{41C04942-ADF1-42DF-82EF-AD7810721183}.Release|x86.ActiveCfg = Release|x86
		{41C04942-ADF1-42DF-82EF-AD7810721183}.Release|x86.Build.0 = Release|x86
		{7AE30E67-D10E-44B9-AC7A-81E21C8839E8}.Debug|Any CPU.ActiveCfg = Debug|Any CPU
		{7AE30E67-D10E-44B9-AC7A-81E21C8839E8}.Debug|Any CPU.Build.0 = Debug|Any CPU
		{7AE30E67-D10E-44B9-AC7A-81E21C8839E8}.Debug|x86.ActiveCfg = Debug|Any CPU
		{7AE30E67-D10E-44B9-AC7A-81E21C8839E8}.Debug|x86.Build.0 = Debug|Any CPU
		{7AE30E67-D10E-44B9-AC7A-81E21C8839E8}.Release|Any CPU.ActiveCfg = Release|Any CPU
		{7AE30E67-D10E-44B9-AC7A-81E21C8839E8}.Release|Any CPU.Build.0 = Release|Any CPU
		{7AE30E67-D10E-44B9-AC7A-81E21C8839E8}.Release|x86.ActiveCfg = Release|Any CPU
		{7AE30E67-D10E-44B9-AC7A-81E21C8839E8}.Release|x86.Build.0 = Release|Any CPU
		{F0DD8F7E-F741-47B3-925C-10B05F0112A7}.Debug|Any CPU.ActiveCfg = Debug|Any CPU
		{F0DD8F7E-F741-47B3-925C-10B05F0112A7}.Debug|Any CPU.Build.0 = Debug|Any CPU
		{F0DD8F7E-F741-47B3-925C-10B05F0112A7}.Debug|x86.ActiveCfg = Debug|Any CPU
		{F0DD8F7E-F741-47B3-925C-10B05F0112A7}.Debug|x86.Build.0 = Debug|Any CPU
		{F0DD8F7E-F741-47B3-925C-10B05F0112A7}.Release|Any CPU.ActiveCfg = Release|Any CPU
		{F0DD8F7E-F741-47B3-925C-10B05F0112A7}.Release|Any CPU.Build.0 = Release|Any CPU
		{F0DD8F7E-F741-47B3-925C-10B05F0112A7}.Release|x86.ActiveCfg = Release|Any CPU
		{F0DD8F7E-F741-47B3-925C-10B05F0112A7}.Release|x86.Build.0 = Release|Any CPU
		{94470605-3222-4C31-949F-E59C9A6E7DFB}.Debug|Any CPU.ActiveCfg = Debug|Any CPU
		{94470605-3222-4C31-949F-E59C9A6E7DFB}.Debug|Any CPU.Build.0 = Debug|Any CPU
		{94470605-3222-4C31-949F-E59C9A6E7DFB}.Debug|x86.ActiveCfg = Debug|Any CPU
		{94470605-3222-4C31-949F-E59C9A6E7DFB}.Debug|x86.Build.0 = Debug|Any CPU
		{94470605-3222-4C31-949F-E59C9A6E7DFB}.Release|Any CPU.ActiveCfg = Release|Any CPU
		{94470605-3222-4C31-949F-E59C9A6E7DFB}.Release|Any CPU.Build.0 = Release|Any CPU
		{94470605-3222-4C31-949F-E59C9A6E7DFB}.Release|x86.ActiveCfg = Release|Any CPU
		{94470605-3222-4C31-949F-E59C9A6E7DFB}.Release|x86.Build.0 = Release|Any CPU
		{72AFAED2-953D-4939-A828-8EC8A63AB19F}.Debug|Any CPU.ActiveCfg = Debug|Any CPU
		{72AFAED2-953D-4939-A828-8EC8A63AB19F}.Debug|Any CPU.Build.0 = Debug|Any CPU
		{72AFAED2-953D-4939-A828-8EC8A63AB19F}.Debug|x86.ActiveCfg = Debug|Any CPU
		{72AFAED2-953D-4939-A828-8EC8A63AB19F}.Debug|x86.Build.0 = Debug|Any CPU
		{72AFAED2-953D-4939-A828-8EC8A63AB19F}.Release|Any CPU.ActiveCfg = Release|Any CPU
		{72AFAED2-953D-4939-A828-8EC8A63AB19F}.Release|Any CPU.Build.0 = Release|Any CPU
		{72AFAED2-953D-4939-A828-8EC8A63AB19F}.Release|x86.ActiveCfg = Release|Any CPU
		{72AFAED2-953D-4939-A828-8EC8A63AB19F}.Release|x86.Build.0 = Release|Any CPU
		{827AC062-9C5E-429F-ABBF-368E84CEC9B7}.Debug|Any CPU.ActiveCfg = Debug|Any CPU
		{827AC062-9C5E-429F-ABBF-368E84CEC9B7}.Debug|Any CPU.Build.0 = Debug|Any CPU
		{827AC062-9C5E-429F-ABBF-368E84CEC9B7}.Debug|x86.ActiveCfg = Debug|Any CPU
		{827AC062-9C5E-429F-ABBF-368E84CEC9B7}.Debug|x86.Build.0 = Debug|Any CPU
		{827AC062-9C5E-429F-ABBF-368E84CEC9B7}.Release|Any CPU.ActiveCfg = Release|Any CPU
		{827AC062-9C5E-429F-ABBF-368E84CEC9B7}.Release|Any CPU.Build.0 = Release|Any CPU
		{827AC062-9C5E-429F-ABBF-368E84CEC9B7}.Release|x86.ActiveCfg = Release|Any CPU
		{827AC062-9C5E-429F-ABBF-368E84CEC9B7}.Release|x86.Build.0 = Release|Any CPU
		{BA16503A-0E79-42C1-94C7-F690A0DA145E}.Debug|Any CPU.ActiveCfg = Debug|Any CPU
		{BA16503A-0E79-42C1-94C7-F690A0DA145E}.Debug|Any CPU.Build.0 = Debug|Any CPU
		{BA16503A-0E79-42C1-94C7-F690A0DA145E}.Debug|x86.ActiveCfg = Debug|Any CPU
		{BA16503A-0E79-42C1-94C7-F690A0DA145E}.Debug|x86.Build.0 = Debug|Any CPU
		{BA16503A-0E79-42C1-94C7-F690A0DA145E}.Release|Any CPU.ActiveCfg = Release|Any CPU
		{BA16503A-0E79-42C1-94C7-F690A0DA145E}.Release|Any CPU.Build.0 = Release|Any CPU
		{BA16503A-0E79-42C1-94C7-F690A0DA145E}.Release|x86.ActiveCfg = Release|Any CPU
		{BA16503A-0E79-42C1-94C7-F690A0DA145E}.Release|x86.Build.0 = Release|Any CPU
		{3A48FD69-7F01-4562-B9D7-E4984DA03BA9}.Debug|Any CPU.ActiveCfg = Debug|Any CPU
		{3A48FD69-7F01-4562-B9D7-E4984DA03BA9}.Debug|Any CPU.Build.0 = Debug|Any CPU
		{3A48FD69-7F01-4562-B9D7-E4984DA03BA9}.Debug|x86.ActiveCfg = Debug|Any CPU
		{3A48FD69-7F01-4562-B9D7-E4984DA03BA9}.Debug|x86.Build.0 = Debug|Any CPU
		{3A48FD69-7F01-4562-B9D7-E4984DA03BA9}.Release|Any CPU.ActiveCfg = Release|Any CPU
		{3A48FD69-7F01-4562-B9D7-E4984DA03BA9}.Release|Any CPU.Build.0 = Release|Any CPU
		{3A48FD69-7F01-4562-B9D7-E4984DA03BA9}.Release|x86.ActiveCfg = Release|Any CPU
		{3A48FD69-7F01-4562-B9D7-E4984DA03BA9}.Release|x86.Build.0 = Release|Any CPU
		{CC838844-D847-4230-B0B8-1747F4CA080B}.Debug|Any CPU.ActiveCfg = Debug|Any CPU
		{CC838844-D847-4230-B0B8-1747F4CA080B}.Debug|Any CPU.Build.0 = Debug|Any CPU
		{CC838844-D847-4230-B0B8-1747F4CA080B}.Debug|x86.ActiveCfg = Debug|Any CPU
		{CC838844-D847-4230-B0B8-1747F4CA080B}.Debug|x86.Build.0 = Debug|Any CPU
		{CC838844-D847-4230-B0B8-1747F4CA080B}.Release|Any CPU.ActiveCfg = Release|Any CPU
		{CC838844-D847-4230-B0B8-1747F4CA080B}.Release|Any CPU.Build.0 = Release|Any CPU
		{CC838844-D847-4230-B0B8-1747F4CA080B}.Release|x86.ActiveCfg = Release|Any CPU
		{CC838844-D847-4230-B0B8-1747F4CA080B}.Release|x86.Build.0 = Release|Any CPU
		{00056F30-E0DA-4505-A441-A153EB59C234}.Debug|Any CPU.ActiveCfg = Debug|Any CPU
		{00056F30-E0DA-4505-A441-A153EB59C234}.Debug|Any CPU.Build.0 = Debug|Any CPU
		{00056F30-E0DA-4505-A441-A153EB59C234}.Debug|x86.ActiveCfg = Debug|Any CPU
		{00056F30-E0DA-4505-A441-A153EB59C234}.Debug|x86.Build.0 = Debug|Any CPU
		{00056F30-E0DA-4505-A441-A153EB59C234}.Release|Any CPU.ActiveCfg = Release|Any CPU
		{00056F30-E0DA-4505-A441-A153EB59C234}.Release|Any CPU.Build.0 = Release|Any CPU
		{00056F30-E0DA-4505-A441-A153EB59C234}.Release|x86.ActiveCfg = Release|Any CPU
		{00056F30-E0DA-4505-A441-A153EB59C234}.Release|x86.Build.0 = Release|Any CPU
		{A44976DE-7907-45F3-BBA3-137C2F5E120F}.Debug|Any CPU.ActiveCfg = Debug|Any CPU
		{A44976DE-7907-45F3-BBA3-137C2F5E120F}.Debug|Any CPU.Build.0 = Debug|Any CPU
		{A44976DE-7907-45F3-BBA3-137C2F5E120F}.Debug|x86.ActiveCfg = Debug|Any CPU
		{A44976DE-7907-45F3-BBA3-137C2F5E120F}.Debug|x86.Build.0 = Debug|Any CPU
		{A44976DE-7907-45F3-BBA3-137C2F5E120F}.Release|Any CPU.ActiveCfg = Release|Any CPU
		{A44976DE-7907-45F3-BBA3-137C2F5E120F}.Release|Any CPU.Build.0 = Release|Any CPU
		{A44976DE-7907-45F3-BBA3-137C2F5E120F}.Release|x86.ActiveCfg = Release|Any CPU
		{A44976DE-7907-45F3-BBA3-137C2F5E120F}.Release|x86.Build.0 = Release|Any CPU
		{85BD72F3-A9FC-4F6F-BE3A-5A045CF734AE}.Debug|Any CPU.ActiveCfg = Debug|Any CPU
		{85BD72F3-A9FC-4F6F-BE3A-5A045CF734AE}.Debug|Any CPU.Build.0 = Debug|Any CPU
		{85BD72F3-A9FC-4F6F-BE3A-5A045CF734AE}.Debug|x86.ActiveCfg = Debug|Any CPU
		{85BD72F3-A9FC-4F6F-BE3A-5A045CF734AE}.Debug|x86.Build.0 = Debug|Any CPU
		{85BD72F3-A9FC-4F6F-BE3A-5A045CF734AE}.Release|Any CPU.ActiveCfg = Release|Any CPU
		{85BD72F3-A9FC-4F6F-BE3A-5A045CF734AE}.Release|Any CPU.Build.0 = Release|Any CPU
		{85BD72F3-A9FC-4F6F-BE3A-5A045CF734AE}.Release|x86.ActiveCfg = Release|Any CPU
		{85BD72F3-A9FC-4F6F-BE3A-5A045CF734AE}.Release|x86.Build.0 = Release|Any CPU
		{36CBF606-7F85-4E46-BC7A-C86CACF675B2}.Debug|Any CPU.ActiveCfg = Debug|Any CPU
		{36CBF606-7F85-4E46-BC7A-C86CACF675B2}.Debug|Any CPU.Build.0 = Debug|Any CPU
		{36CBF606-7F85-4E46-BC7A-C86CACF675B2}.Debug|x86.ActiveCfg = Debug|Any CPU
		{36CBF606-7F85-4E46-BC7A-C86CACF675B2}.Debug|x86.Build.0 = Debug|Any CPU
		{36CBF606-7F85-4E46-BC7A-C86CACF675B2}.Release|Any CPU.ActiveCfg = Release|Any CPU
		{36CBF606-7F85-4E46-BC7A-C86CACF675B2}.Release|Any CPU.Build.0 = Release|Any CPU
		{36CBF606-7F85-4E46-BC7A-C86CACF675B2}.Release|x86.ActiveCfg = Release|Any CPU
		{36CBF606-7F85-4E46-BC7A-C86CACF675B2}.Release|x86.Build.0 = Release|Any CPU
		{B61C631D-5AB8-431A-93C9-3DC8B36878BB}.Debug|Any CPU.ActiveCfg = Debug|Any CPU
		{B61C631D-5AB8-431A-93C9-3DC8B36878BB}.Debug|Any CPU.Build.0 = Debug|Any CPU
		{B61C631D-5AB8-431A-93C9-3DC8B36878BB}.Debug|x86.ActiveCfg = Debug|Any CPU
		{B61C631D-5AB8-431A-93C9-3DC8B36878BB}.Debug|x86.Build.0 = Debug|Any CPU
		{B61C631D-5AB8-431A-93C9-3DC8B36878BB}.Release|Any CPU.ActiveCfg = Release|Any CPU
		{B61C631D-5AB8-431A-93C9-3DC8B36878BB}.Release|Any CPU.Build.0 = Release|Any CPU
		{B61C631D-5AB8-431A-93C9-3DC8B36878BB}.Release|x86.ActiveCfg = Release|Any CPU
		{B61C631D-5AB8-431A-93C9-3DC8B36878BB}.Release|x86.Build.0 = Release|Any CPU
		{E9317739-84F5-4207-87E3-F7AC6192EE48}.Debug|Any CPU.ActiveCfg = Debug|Any CPU
		{E9317739-84F5-4207-87E3-F7AC6192EE48}.Debug|Any CPU.Build.0 = Debug|Any CPU
		{E9317739-84F5-4207-87E3-F7AC6192EE48}.Debug|x86.ActiveCfg = Debug|Any CPU
		{E9317739-84F5-4207-87E3-F7AC6192EE48}.Debug|x86.Build.0 = Debug|Any CPU
		{E9317739-84F5-4207-87E3-F7AC6192EE48}.Release|Any CPU.ActiveCfg = Release|Any CPU
		{E9317739-84F5-4207-87E3-F7AC6192EE48}.Release|Any CPU.Build.0 = Release|Any CPU
		{E9317739-84F5-4207-87E3-F7AC6192EE48}.Release|x86.ActiveCfg = Release|Any CPU
		{E9317739-84F5-4207-87E3-F7AC6192EE48}.Release|x86.Build.0 = Release|Any CPU
		{D9EECC27-1120-432D-9DC4-3DA1BA875E85}.Debug|Any CPU.ActiveCfg = Debug|Any CPU
		{D9EECC27-1120-432D-9DC4-3DA1BA875E85}.Debug|Any CPU.Build.0 = Debug|Any CPU
		{D9EECC27-1120-432D-9DC4-3DA1BA875E85}.Debug|x86.ActiveCfg = Debug|Any CPU
		{D9EECC27-1120-432D-9DC4-3DA1BA875E85}.Debug|x86.Build.0 = Debug|Any CPU
		{D9EECC27-1120-432D-9DC4-3DA1BA875E85}.Release|Any CPU.ActiveCfg = Release|Any CPU
		{D9EECC27-1120-432D-9DC4-3DA1BA875E85}.Release|Any CPU.Build.0 = Release|Any CPU
		{D9EECC27-1120-432D-9DC4-3DA1BA875E85}.Release|x86.ActiveCfg = Release|Any CPU
		{D9EECC27-1120-432D-9DC4-3DA1BA875E85}.Release|x86.Build.0 = Release|Any CPU
		{7BAEAE0E-4694-41D7-BC29-F205AEF69741}.Debug|Any CPU.ActiveCfg = Debug|Any CPU
		{7BAEAE0E-4694-41D7-BC29-F205AEF69741}.Debug|Any CPU.Build.0 = Debug|Any CPU
		{7BAEAE0E-4694-41D7-BC29-F205AEF69741}.Debug|x86.ActiveCfg = Debug|Any CPU
		{7BAEAE0E-4694-41D7-BC29-F205AEF69741}.Debug|x86.Build.0 = Debug|Any CPU
		{7BAEAE0E-4694-41D7-BC29-F205AEF69741}.Release|Any CPU.ActiveCfg = Release|Any CPU
		{7BAEAE0E-4694-41D7-BC29-F205AEF69741}.Release|Any CPU.Build.0 = Release|Any CPU
		{7BAEAE0E-4694-41D7-BC29-F205AEF69741}.Release|x86.ActiveCfg = Release|Any CPU
		{7BAEAE0E-4694-41D7-BC29-F205AEF69741}.Release|x86.Build.0 = Release|Any CPU
		{6B729F44-5178-471D-B636-D9FD8D049D4B}.Debug|Any CPU.ActiveCfg = Debug|Any CPU
		{6B729F44-5178-471D-B636-D9FD8D049D4B}.Debug|Any CPU.Build.0 = Debug|Any CPU
		{6B729F44-5178-471D-B636-D9FD8D049D4B}.Debug|x86.ActiveCfg = Debug|Any CPU
		{6B729F44-5178-471D-B636-D9FD8D049D4B}.Debug|x86.Build.0 = Debug|Any CPU
		{6B729F44-5178-471D-B636-D9FD8D049D4B}.Release|Any CPU.ActiveCfg = Release|Any CPU
		{6B729F44-5178-471D-B636-D9FD8D049D4B}.Release|Any CPU.Build.0 = Release|Any CPU
		{6B729F44-5178-471D-B636-D9FD8D049D4B}.Release|x86.ActiveCfg = Release|Any CPU
		{6B729F44-5178-471D-B636-D9FD8D049D4B}.Release|x86.Build.0 = Release|Any CPU
		{3D222DF3-9DE8-4D03-B1DA-11C2B9EC3368}.Debug|Any CPU.ActiveCfg = Debug|Any CPU
		{3D222DF3-9DE8-4D03-B1DA-11C2B9EC3368}.Debug|Any CPU.Build.0 = Debug|Any CPU
		{3D222DF3-9DE8-4D03-B1DA-11C2B9EC3368}.Debug|x86.ActiveCfg = Debug|Any CPU
		{3D222DF3-9DE8-4D03-B1DA-11C2B9EC3368}.Debug|x86.Build.0 = Debug|Any CPU
		{3D222DF3-9DE8-4D03-B1DA-11C2B9EC3368}.Release|Any CPU.ActiveCfg = Release|Any CPU
		{3D222DF3-9DE8-4D03-B1DA-11C2B9EC3368}.Release|Any CPU.Build.0 = Release|Any CPU
		{3D222DF3-9DE8-4D03-B1DA-11C2B9EC3368}.Release|x86.ActiveCfg = Release|Any CPU
		{3D222DF3-9DE8-4D03-B1DA-11C2B9EC3368}.Release|x86.Build.0 = Release|Any CPU
		{AE39349B-3AC0-4896-8A48-9AD0C032AA80}.Debug|Any CPU.ActiveCfg = Debug|Any CPU
		{AE39349B-3AC0-4896-8A48-9AD0C032AA80}.Debug|Any CPU.Build.0 = Debug|Any CPU
		{AE39349B-3AC0-4896-8A48-9AD0C032AA80}.Debug|x86.ActiveCfg = Debug|Any CPU
		{AE39349B-3AC0-4896-8A48-9AD0C032AA80}.Debug|x86.Build.0 = Debug|Any CPU
		{AE39349B-3AC0-4896-8A48-9AD0C032AA80}.Release|Any CPU.ActiveCfg = Release|Any CPU
		{AE39349B-3AC0-4896-8A48-9AD0C032AA80}.Release|Any CPU.Build.0 = Release|Any CPU
		{AE39349B-3AC0-4896-8A48-9AD0C032AA80}.Release|x86.ActiveCfg = Release|Any CPU
		{AE39349B-3AC0-4896-8A48-9AD0C032AA80}.Release|x86.Build.0 = Release|Any CPU
		{004F8580-2350-4137-872E-8B0BE6D9FE40}.Debug|Any CPU.ActiveCfg = Debug|Any CPU
		{004F8580-2350-4137-872E-8B0BE6D9FE40}.Debug|Any CPU.Build.0 = Debug|Any CPU
		{004F8580-2350-4137-872E-8B0BE6D9FE40}.Debug|x86.ActiveCfg = Debug|Any CPU
		{004F8580-2350-4137-872E-8B0BE6D9FE40}.Debug|x86.Build.0 = Debug|Any CPU
		{004F8580-2350-4137-872E-8B0BE6D9FE40}.Release|Any CPU.ActiveCfg = Release|Any CPU
		{004F8580-2350-4137-872E-8B0BE6D9FE40}.Release|Any CPU.Build.0 = Release|Any CPU
		{004F8580-2350-4137-872E-8B0BE6D9FE40}.Release|x86.ActiveCfg = Release|Any CPU
		{004F8580-2350-4137-872E-8B0BE6D9FE40}.Release|x86.Build.0 = Release|Any CPU
		{77DB1A1B-5B41-463A-A282-26571F202772}.Debug|Any CPU.ActiveCfg = Debug|Any CPU
		{77DB1A1B-5B41-463A-A282-26571F202772}.Debug|Any CPU.Build.0 = Debug|Any CPU
		{77DB1A1B-5B41-463A-A282-26571F202772}.Debug|x86.ActiveCfg = Debug|Any CPU
		{77DB1A1B-5B41-463A-A282-26571F202772}.Debug|x86.Build.0 = Debug|Any CPU
		{77DB1A1B-5B41-463A-A282-26571F202772}.Release|Any CPU.ActiveCfg = Release|Any CPU
		{77DB1A1B-5B41-463A-A282-26571F202772}.Release|Any CPU.Build.0 = Release|Any CPU
		{77DB1A1B-5B41-463A-A282-26571F202772}.Release|x86.ActiveCfg = Release|Any CPU
		{77DB1A1B-5B41-463A-A282-26571F202772}.Release|x86.Build.0 = Release|Any CPU
		{65CC707B-9619-4AA3-A8C8-0306084DB5E8}.Debug|Any CPU.ActiveCfg = Debug|Any CPU
		{65CC707B-9619-4AA3-A8C8-0306084DB5E8}.Debug|Any CPU.Build.0 = Debug|Any CPU
		{65CC707B-9619-4AA3-A8C8-0306084DB5E8}.Debug|x86.ActiveCfg = Debug|Any CPU
		{65CC707B-9619-4AA3-A8C8-0306084DB5E8}.Debug|x86.Build.0 = Debug|Any CPU
		{65CC707B-9619-4AA3-A8C8-0306084DB5E8}.Release|Any CPU.ActiveCfg = Release|Any CPU
		{65CC707B-9619-4AA3-A8C8-0306084DB5E8}.Release|Any CPU.Build.0 = Release|Any CPU
		{65CC707B-9619-4AA3-A8C8-0306084DB5E8}.Release|x86.ActiveCfg = Release|Any CPU
		{65CC707B-9619-4AA3-A8C8-0306084DB5E8}.Release|x86.Build.0 = Release|Any CPU
		{C75B41C0-6DCC-454A-B36C-69DD01AFE5D5}.Debug|Any CPU.ActiveCfg = Debug|Any CPU
		{C75B41C0-6DCC-454A-B36C-69DD01AFE5D5}.Debug|Any CPU.Build.0 = Debug|Any CPU
		{C75B41C0-6DCC-454A-B36C-69DD01AFE5D5}.Debug|x86.ActiveCfg = Debug|Any CPU
		{C75B41C0-6DCC-454A-B36C-69DD01AFE5D5}.Debug|x86.Build.0 = Debug|Any CPU
		{C75B41C0-6DCC-454A-B36C-69DD01AFE5D5}.Release|Any CPU.ActiveCfg = Release|Any CPU
		{C75B41C0-6DCC-454A-B36C-69DD01AFE5D5}.Release|Any CPU.Build.0 = Release|Any CPU
		{C75B41C0-6DCC-454A-B36C-69DD01AFE5D5}.Release|x86.ActiveCfg = Release|Any CPU
		{C75B41C0-6DCC-454A-B36C-69DD01AFE5D5}.Release|x86.Build.0 = Release|Any CPU
		{2BA0BC26-8C82-4466-A0D1-92F0889C8A94}.Debug|Any CPU.ActiveCfg = Debug|Any CPU
		{2BA0BC26-8C82-4466-A0D1-92F0889C8A94}.Debug|Any CPU.Build.0 = Debug|Any CPU
		{2BA0BC26-8C82-4466-A0D1-92F0889C8A94}.Debug|x86.ActiveCfg = Debug|Any CPU
		{2BA0BC26-8C82-4466-A0D1-92F0889C8A94}.Debug|x86.Build.0 = Debug|Any CPU
		{2BA0BC26-8C82-4466-A0D1-92F0889C8A94}.Release|Any CPU.ActiveCfg = Release|Any CPU
		{2BA0BC26-8C82-4466-A0D1-92F0889C8A94}.Release|Any CPU.Build.0 = Release|Any CPU
		{2BA0BC26-8C82-4466-A0D1-92F0889C8A94}.Release|x86.ActiveCfg = Release|Any CPU
		{2BA0BC26-8C82-4466-A0D1-92F0889C8A94}.Release|x86.Build.0 = Release|Any CPU
		{1E86E89D-D3BD-449E-966B-74934DB089CC}.Debug|Any CPU.ActiveCfg = Debug|Any CPU
		{1E86E89D-D3BD-449E-966B-74934DB089CC}.Debug|Any CPU.Build.0 = Debug|Any CPU
		{1E86E89D-D3BD-449E-966B-74934DB089CC}.Debug|x86.ActiveCfg = Debug|Any CPU
		{1E86E89D-D3BD-449E-966B-74934DB089CC}.Debug|x86.Build.0 = Debug|Any CPU
		{1E86E89D-D3BD-449E-966B-74934DB089CC}.Release|Any CPU.ActiveCfg = Release|Any CPU
		{1E86E89D-D3BD-449E-966B-74934DB089CC}.Release|Any CPU.Build.0 = Release|Any CPU
		{1E86E89D-D3BD-449E-966B-74934DB089CC}.Release|x86.ActiveCfg = Release|Any CPU
		{1E86E89D-D3BD-449E-966B-74934DB089CC}.Release|x86.Build.0 = Release|Any CPU
		{30BA243F-A90D-4A9A-B5F8-6550DF95BAAC}.Debug|Any CPU.ActiveCfg = Debug|Any CPU
		{30BA243F-A90D-4A9A-B5F8-6550DF95BAAC}.Debug|Any CPU.Build.0 = Debug|Any CPU
		{30BA243F-A90D-4A9A-B5F8-6550DF95BAAC}.Debug|x86.ActiveCfg = Debug|Any CPU
		{30BA243F-A90D-4A9A-B5F8-6550DF95BAAC}.Debug|x86.Build.0 = Debug|Any CPU
		{30BA243F-A90D-4A9A-B5F8-6550DF95BAAC}.Release|Any CPU.ActiveCfg = Release|Any CPU
		{30BA243F-A90D-4A9A-B5F8-6550DF95BAAC}.Release|Any CPU.Build.0 = Release|Any CPU
		{30BA243F-A90D-4A9A-B5F8-6550DF95BAAC}.Release|x86.ActiveCfg = Release|Any CPU
		{30BA243F-A90D-4A9A-B5F8-6550DF95BAAC}.Release|x86.Build.0 = Release|Any CPU
		{A2DE5801-0BFE-4AD2-9378-547EAD2AA6CE}.Debug|Any CPU.ActiveCfg = Debug|Any CPU
		{A2DE5801-0BFE-4AD2-9378-547EAD2AA6CE}.Debug|Any CPU.Build.0 = Debug|Any CPU
		{A2DE5801-0BFE-4AD2-9378-547EAD2AA6CE}.Debug|x86.ActiveCfg = Debug|Any CPU
		{A2DE5801-0BFE-4AD2-9378-547EAD2AA6CE}.Debug|x86.Build.0 = Debug|Any CPU
		{A2DE5801-0BFE-4AD2-9378-547EAD2AA6CE}.Release|Any CPU.ActiveCfg = Release|Any CPU
		{A2DE5801-0BFE-4AD2-9378-547EAD2AA6CE}.Release|Any CPU.Build.0 = Release|Any CPU
		{A2DE5801-0BFE-4AD2-9378-547EAD2AA6CE}.Release|x86.ActiveCfg = Release|Any CPU
		{A2DE5801-0BFE-4AD2-9378-547EAD2AA6CE}.Release|x86.Build.0 = Release|Any CPU
		{9DD6B261-91A8-454A-917B-5E79931F9D50}.Debug|Any CPU.ActiveCfg = Debug|Any CPU
		{9DD6B261-91A8-454A-917B-5E79931F9D50}.Debug|Any CPU.Build.0 = Debug|Any CPU
		{9DD6B261-91A8-454A-917B-5E79931F9D50}.Debug|x86.ActiveCfg = Debug|Any CPU
		{9DD6B261-91A8-454A-917B-5E79931F9D50}.Debug|x86.Build.0 = Debug|Any CPU
		{9DD6B261-91A8-454A-917B-5E79931F9D50}.Release|Any CPU.ActiveCfg = Release|Any CPU
		{9DD6B261-91A8-454A-917B-5E79931F9D50}.Release|Any CPU.Build.0 = Release|Any CPU
		{9DD6B261-91A8-454A-917B-5E79931F9D50}.Release|x86.ActiveCfg = Release|Any CPU
		{9DD6B261-91A8-454A-917B-5E79931F9D50}.Release|x86.Build.0 = Release|Any CPU
		{DCE0A39F-172B-4EBC-965A-8B858F80B165}.Debug|Any CPU.ActiveCfg = Debug|Any CPU
		{DCE0A39F-172B-4EBC-965A-8B858F80B165}.Debug|Any CPU.Build.0 = Debug|Any CPU
		{DCE0A39F-172B-4EBC-965A-8B858F80B165}.Debug|x86.ActiveCfg = Debug|Any CPU
		{DCE0A39F-172B-4EBC-965A-8B858F80B165}.Debug|x86.Build.0 = Debug|Any CPU
		{DCE0A39F-172B-4EBC-965A-8B858F80B165}.Release|Any CPU.ActiveCfg = Release|Any CPU
		{DCE0A39F-172B-4EBC-965A-8B858F80B165}.Release|Any CPU.Build.0 = Release|Any CPU
		{DCE0A39F-172B-4EBC-965A-8B858F80B165}.Release|x86.ActiveCfg = Release|Any CPU
		{DCE0A39F-172B-4EBC-965A-8B858F80B165}.Release|x86.Build.0 = Release|Any CPU
		{E4FA7D11-0BC5-4BF0-98EB-3DDB681A8060}.Debug|Any CPU.ActiveCfg = Debug|Any CPU
		{E4FA7D11-0BC5-4BF0-98EB-3DDB681A8060}.Debug|Any CPU.Build.0 = Debug|Any CPU
		{E4FA7D11-0BC5-4BF0-98EB-3DDB681A8060}.Debug|x86.ActiveCfg = Debug|Any CPU
		{E4FA7D11-0BC5-4BF0-98EB-3DDB681A8060}.Debug|x86.Build.0 = Debug|Any CPU
		{E4FA7D11-0BC5-4BF0-98EB-3DDB681A8060}.Release|Any CPU.ActiveCfg = Release|Any CPU
		{E4FA7D11-0BC5-4BF0-98EB-3DDB681A8060}.Release|Any CPU.Build.0 = Release|Any CPU
		{E4FA7D11-0BC5-4BF0-98EB-3DDB681A8060}.Release|x86.ActiveCfg = Release|Any CPU
		{E4FA7D11-0BC5-4BF0-98EB-3DDB681A8060}.Release|x86.Build.0 = Release|Any CPU
	EndGlobalSection
	GlobalSection(SolutionProperties) = preSolution
		HideSolutionNode = FALSE
	EndGlobalSection
	GlobalSection(NestedProjects) = preSolution
		{C411CECB-0002-4BD3-9035-248FBC4E1D56} = {BEA7BEB6-657E-40FF-A5FD-341AB1CBEE32}
		{EDCEC46C-6CBD-41C4-B6C3-0BDA2C7F1087} = {BEA7BEB6-657E-40FF-A5FD-341AB1CBEE32}
		{CB3BC544-51CB-4A40-8CF0-4B769C01F996} = {EDCEC46C-6CBD-41C4-B6C3-0BDA2C7F1087}
		{E536C888-ED86-4248-BA38-48E882241559} = {EDCEC46C-6CBD-41C4-B6C3-0BDA2C7F1087}
		{1529A2A2-53FC-446B-AE13-FF564C4DEC32} = {EDCEC46C-6CBD-41C4-B6C3-0BDA2C7F1087}
		{6ECB8A64-B0EC-48E8-9109-9984D37854B9} = {EDCEC46C-6CBD-41C4-B6C3-0BDA2C7F1087}
		{866BA66F-804A-4C6B-B0D2-8D8064AE1EEC} = {EDCEC46C-6CBD-41C4-B6C3-0BDA2C7F1087}
		{7CBF4A4B-E1A2-428E-8F68-EDD2FCE3088B} = {EDCEC46C-6CBD-41C4-B6C3-0BDA2C7F1087}
		{205C7DAB-C3ED-4D4F-8F2F-CFE65D6C4044} = {EDCEC46C-6CBD-41C4-B6C3-0BDA2C7F1087}
		{3D20F245-4AFA-49D2-AC60-DA40190A129B} = {EDCEC46C-6CBD-41C4-B6C3-0BDA2C7F1087}
		{81C5771D-5C51-4339-A336-36D5D28F03D9} = {EDCEC46C-6CBD-41C4-B6C3-0BDA2C7F1087}
		{54BEF6C5-B63D-41E3-A123-03F1802A44F7} = {EDCEC46C-6CBD-41C4-B6C3-0BDA2C7F1087}
		{650B47BB-B3C7-4DD6-87F4-2BB65E084508} = {EDCEC46C-6CBD-41C4-B6C3-0BDA2C7F1087}
		{D0AD784B-587D-4CD1-AF7F-7473A4FF7060} = {EDCEC46C-6CBD-41C4-B6C3-0BDA2C7F1087}
		{F0B0599F-6DBE-4482-A2BE-193F0AD16C98} = {343AD6E6-AA52-44F0-A148-CDCF49BDF058}
		{2D224EFD-95FC-4039-AE99-72D383464FF5} = {C146DD4A-4777-44F4-AF9E-F8D8D14788FF}
		{C146DD4A-4777-44F4-AF9E-F8D8D14788FF} = {343AD6E6-AA52-44F0-A148-CDCF49BDF058}
		{1943BB06-1D1E-45A6-ADF0-B6437512138B} = {C146DD4A-4777-44F4-AF9E-F8D8D14788FF}
		{7AB046BB-7D19-4E13-AC41-DD909490633F} = {C146DD4A-4777-44F4-AF9E-F8D8D14788FF}
		{1D0EF7CF-B70B-4544-A11B-EAE4F6DCFF7F} = {C146DD4A-4777-44F4-AF9E-F8D8D14788FF}
		{A05EA084-E509-4025-9241-6A5BE5C2B328} = {10C87647-B66A-4505-8B11-263E9866571F}
		{560FA813-E13D-4249-939B-353BD2F3ED59} = {10C87647-B66A-4505-8B11-263E9866571F}
		{59393DBD-5EDD-46D0-8157-0C6151621D5E} = {904B4DD2-DCED-40C2-8156-0FF78C718E6D}
		{A37E3F4C-2E35-4183-87B1-0D4F6E5692F9} = {904B4DD2-DCED-40C2-8156-0FF78C718E6D}
		{C5DC293F-13CA-435F-A7DB-4BA91639C292} = {3A5823EF-3AA4-4064-A519-66F8732D1417}
		{1DDE26A2-1E24-4680-A635-2760B37CAFDB} = {3A5823EF-3AA4-4064-A519-66F8732D1417}
		{23F5209D-6937-4D18-BF42-225FFC3EDD91} = {3A5823EF-3AA4-4064-A519-66F8732D1417}
		{A17BB69E-0404-44EC-8B1F-C2E209FC010D} = {3A5823EF-3AA4-4064-A519-66F8732D1417}
		{827CCEDC-F418-4261-9448-EA28F9033A4D} = {3A5823EF-3AA4-4064-A519-66F8732D1417}
		{31415B61-53C3-4746-B586-CFD7FC16CED2} = {3A5823EF-3AA4-4064-A519-66F8732D1417}
		{3CA67403-5B85-489A-B7B4-81D682B23146} = {F0B0599F-6DBE-4482-A2BE-193F0AD16C98}
		{494CFDD5-92FB-4A83-B4F7-C5B04D681726} = {F0B0599F-6DBE-4482-A2BE-193F0AD16C98}
		{DCC9E55D-92D6-4464-B5B9-0593DE57C64F} = {F0B0599F-6DBE-4482-A2BE-193F0AD16C98}
		{2E5ADC08-CAB8-4CF3-B2B3-D856EFEBBEC1} = {F0B0599F-6DBE-4482-A2BE-193F0AD16C98}
		{0978C09D-9F0C-4242-8646-FA8EB90FEFB9} = {F0B0599F-6DBE-4482-A2BE-193F0AD16C98}
		{D876BF85-C99B-4C16-A053-8877C84E7E02} = {F0B0599F-6DBE-4482-A2BE-193F0AD16C98}
		{B2F7CDB0-E692-40F3-AE8B-8BC366EC52CB} = {0DB9F7C3-6900-4154-AFD7-A68F2E3233D0}
		{BB116EF0-EAAF-4EBF-A3A1-0870B7C4CA2B} = {0DB9F7C3-6900-4154-AFD7-A68F2E3233D0}
		{1E1B3570-9512-4515-81DD-3778EA772B19} = {0DB9F7C3-6900-4154-AFD7-A68F2E3233D0}
		{3530ABA7-0F08-4043-9FAF-2D808E81272C} = {0DB9F7C3-6900-4154-AFD7-A68F2E3233D0}
		{45E8CD64-3FB3-4B29-BFD4-2823D8F2AA02} = {0DB9F7C3-6900-4154-AFD7-A68F2E3233D0}
		{C377283B-858B-4EFC-A560-E90FF2F26B03} = {0DB9F7C3-6900-4154-AFD7-A68F2E3233D0}
		{593318B1-3CB4-441B-B273-E3F37DF070B5} = {0DB9F7C3-6900-4154-AFD7-A68F2E3233D0}
		{C5B4F9FA-E4AE-418E-9CE8-8CB92C9CBFB8} = {0DB9F7C3-6900-4154-AFD7-A68F2E3233D0}
		{815B47B9-5F12-4D22-ADBA-12B6BC51E940} = {A262F647-6656-48DF-A287-0743C4FC2B77}
		{8E00DDF8-11EC-4DB7-BFF6-E10197392E35} = {A262F647-6656-48DF-A287-0743C4FC2B77}
		{C390BDCF-781C-4669-8D2B-2280455D56BE} = {A262F647-6656-48DF-A287-0743C4FC2B77}
		{51331201-BC19-4FC5-810D-0A35FBC71B42} = {A262F647-6656-48DF-A287-0743C4FC2B77}
		{321FA3F1-E825-4A20-9D9C-9004B5DD6217} = {A262F647-6656-48DF-A287-0743C4FC2B77}
		{BAF45C4F-1BE3-4810-9EA6-3B53894E32BF} = {321FA3F1-E825-4A20-9D9C-9004B5DD6217}
		{868DE826-356E-47A4-9DE7-EA7168FCA90A} = {321FA3F1-E825-4A20-9D9C-9004B5DD6217}
		{41C04942-ADF1-42DF-82EF-AD7810721183} = {51331201-BC19-4FC5-810D-0A35FBC71B42}
		{7AE30E67-D10E-44B9-AC7A-81E21C8839E8} = {C390BDCF-781C-4669-8D2B-2280455D56BE}
		{F0DD8F7E-F741-47B3-925C-10B05F0112A7} = {C390BDCF-781C-4669-8D2B-2280455D56BE}
		{94470605-3222-4C31-949F-E59C9A6E7DFB} = {C390BDCF-781C-4669-8D2B-2280455D56BE}
		{72AFAED2-953D-4939-A828-8EC8A63AB19F} = {815B47B9-5F12-4D22-ADBA-12B6BC51E940}
		{827AC062-9C5E-429F-ABBF-368E84CEC9B7} = {815B47B9-5F12-4D22-ADBA-12B6BC51E940}
		{BA16503A-0E79-42C1-94C7-F690A0DA145E} = {815B47B9-5F12-4D22-ADBA-12B6BC51E940}
		{3A48FD69-7F01-4562-B9D7-E4984DA03BA9} = {815B47B9-5F12-4D22-ADBA-12B6BC51E940}
		{CC838844-D847-4230-B0B8-1747F4CA080B} = {815B47B9-5F12-4D22-ADBA-12B6BC51E940}
		{29847ACB-1B6E-4867-80F8-80373B3D3E30} = {D2D47C37-85E7-4551-9826-D50CEBAAB5D4}
		{00056F30-E0DA-4505-A441-A153EB59C234} = {29847ACB-1B6E-4867-80F8-80373B3D3E30}
		{A44976DE-7907-45F3-BBA3-137C2F5E120F} = {29847ACB-1B6E-4867-80F8-80373B3D3E30}
		{85BD72F3-A9FC-4F6F-BE3A-5A045CF734AE} = {8E00DDF8-11EC-4DB7-BFF6-E10197392E35}
		{36CBF606-7F85-4E46-BC7A-C86CACF675B2} = {8E00DDF8-11EC-4DB7-BFF6-E10197392E35}
		{B61C631D-5AB8-431A-93C9-3DC8B36878BB} = {8E00DDF8-11EC-4DB7-BFF6-E10197392E35}
		{E9317739-84F5-4207-87E3-F7AC6192EE48} = {8E00DDF8-11EC-4DB7-BFF6-E10197392E35}
		{D9EECC27-1120-432D-9DC4-3DA1BA875E85} = {8E00DDF8-11EC-4DB7-BFF6-E10197392E35}
		{7BAEAE0E-4694-41D7-BC29-F205AEF69741} = {C411CECB-0002-4BD3-9035-248FBC4E1D56}
		{6B729F44-5178-471D-B636-D9FD8D049D4B} = {C411CECB-0002-4BD3-9035-248FBC4E1D56}
		{3D222DF3-9DE8-4D03-B1DA-11C2B9EC3368} = {C411CECB-0002-4BD3-9035-248FBC4E1D56}
		{AE39349B-3AC0-4896-8A48-9AD0C032AA80} = {C411CECB-0002-4BD3-9035-248FBC4E1D56}
		{004F8580-2350-4137-872E-8B0BE6D9FE40} = {C411CECB-0002-4BD3-9035-248FBC4E1D56}
		{77DB1A1B-5B41-463A-A282-26571F202772} = {C411CECB-0002-4BD3-9035-248FBC4E1D56}
		{65CC707B-9619-4AA3-A8C8-0306084DB5E8} = {EDCEC46C-6CBD-41C4-B6C3-0BDA2C7F1087}
		{C75B41C0-6DCC-454A-B36C-69DD01AFE5D5} = {EDCEC46C-6CBD-41C4-B6C3-0BDA2C7F1087}
		{2BA0BC26-8C82-4466-A0D1-92F0889C8A94} = {EDCEC46C-6CBD-41C4-B6C3-0BDA2C7F1087}
		{1E86E89D-D3BD-449E-966B-74934DB089CC} = {EDCEC46C-6CBD-41C4-B6C3-0BDA2C7F1087}
		{30BA243F-A90D-4A9A-B5F8-6550DF95BAAC} = {EDCEC46C-6CBD-41C4-B6C3-0BDA2C7F1087}
		{A2DE5801-0BFE-4AD2-9378-547EAD2AA6CE} = {EDCEC46C-6CBD-41C4-B6C3-0BDA2C7F1087}
		{9DD6B261-91A8-454A-917B-5E79931F9D50} = {EDCEC46C-6CBD-41C4-B6C3-0BDA2C7F1087}
		{DCE0A39F-172B-4EBC-965A-8B858F80B165} = {EDCEC46C-6CBD-41C4-B6C3-0BDA2C7F1087}
		{E4FA7D11-0BC5-4BF0-98EB-3DDB681A8060} = {EDCEC46C-6CBD-41C4-B6C3-0BDA2C7F1087}
	EndGlobalSection
	GlobalSection(ExtensibilityGlobals) = postSolution
		SolutionGuid = {A18240EA-36D5-4974-BBBB-25C6F726828D}
	EndGlobalSection
EndGlobal
